// !$*UTF8*$!
{
	archiveVersion = 1;
	classes = {
	};
	objectVersion = 55;
	objects = {

/* Begin PBXBuildFile section */
		ACF282E32A2F890E008342D8 /* CryptocurrencyApp.swift in Sources */ = {isa = PBXBuildFile; fileRef = ACF282E22A2F890E008342D8 /* CryptocurrencyApp.swift */; };
		ACF282E72A2F890F008342D8 /* Assets.xcassets in Resources */ = {isa = PBXBuildFile; fileRef = ACF282E62A2F890F008342D8 /* Assets.xcassets */; };
		ACF282EA2A2F890F008342D8 /* Preview Assets.xcassets in Resources */ = {isa = PBXBuildFile; fileRef = ACF282E92A2F890F008342D8 /* Preview Assets.xcassets */; };
		ACF282F82A2F89C7008342D8 /* HomeView.swift in Sources */ = {isa = PBXBuildFile; fileRef = ACF282F72A2F89C7008342D8 /* HomeView.swift */; };
		ACF282FA2A2F89CF008342D8 /* HomeViewModel.swift in Sources */ = {isa = PBXBuildFile; fileRef = ACF282F92A2F89CF008342D8 /* HomeViewModel.swift */; };
		ACF283022A2FB5AE008342D8 /* Color+EXT.swift in Sources */ = {isa = PBXBuildFile; fileRef = ACF283012A2FB5AE008342D8 /* Color+EXT.swift */; };
		ACF283062A2FB8BF008342D8 /* CircleButtonView.swift in Sources */ = {isa = PBXBuildFile; fileRef = ACF283052A2FB8BF008342D8 /* CircleButtonView.swift */; };
		ACF283082A2FBC03008342D8 /* CircleButtonAnimationView.swift in Sources */ = {isa = PBXBuildFile; fileRef = ACF283072A2FBC03008342D8 /* CircleButtonAnimationView.swift */; };
		ACF2830B2A2FBDD4008342D8 /* Coin.swift in Sources */ = {isa = PBXBuildFile; fileRef = ACF2830A2A2FBDD4008342D8 /* Coin.swift */; };
/* End PBXBuildFile section */

/* Begin PBXFileReference section */
		ACF282DF2A2F890E008342D8 /* Cryptocurrency.app */ = {isa = PBXFileReference; explicitFileType = wrapper.application; includeInIndex = 0; path = Cryptocurrency.app; sourceTree = BUILT_PRODUCTS_DIR; };
		ACF282E22A2F890E008342D8 /* CryptocurrencyApp.swift */ = {isa = PBXFileReference; lastKnownFileType = sourcecode.swift; path = CryptocurrencyApp.swift; sourceTree = "<group>"; };
		ACF282E62A2F890F008342D8 /* Assets.xcassets */ = {isa = PBXFileReference; lastKnownFileType = folder.assetcatalog; path = Assets.xcassets; sourceTree = "<group>"; };
		ACF282E92A2F890F008342D8 /* Preview Assets.xcassets */ = {isa = PBXFileReference; lastKnownFileType = folder.assetcatalog; path = "Preview Assets.xcassets"; sourceTree = "<group>"; };
		ACF282F72A2F89C7008342D8 /* HomeView.swift */ = {isa = PBXFileReference; lastKnownFileType = sourcecode.swift; path = HomeView.swift; sourceTree = "<group>"; };
		ACF282F92A2F89CF008342D8 /* HomeViewModel.swift */ = {isa = PBXFileReference; lastKnownFileType = sourcecode.swift; path = HomeViewModel.swift; sourceTree = "<group>"; };
		ACF283012A2FB5AE008342D8 /* Color+EXT.swift */ = {isa = PBXFileReference; lastKnownFileType = sourcecode.swift; path = "Color+EXT.swift"; sourceTree = "<group>"; };
		ACF283052A2FB8BF008342D8 /* CircleButtonView.swift */ = {isa = PBXFileReference; lastKnownFileType = sourcecode.swift; path = CircleButtonView.swift; sourceTree = "<group>"; };
		ACF283072A2FBC03008342D8 /* CircleButtonAnimationView.swift */ = {isa = PBXFileReference; lastKnownFileType = sourcecode.swift; path = CircleButtonAnimationView.swift; sourceTree = "<group>"; };
		ACF2830A2A2FBDD4008342D8 /* Coin.swift */ = {isa = PBXFileReference; lastKnownFileType = sourcecode.swift; path = Coin.swift; sourceTree = "<group>"; };
/* End PBXFileReference section */

/* Begin PBXFrameworksBuildPhase section */
		ACF282DC2A2F890E008342D8 /* Frameworks */ = {
			isa = PBXFrameworksBuildPhase;
			buildActionMask = 2147483647;
			files = (
			);
			runOnlyForDeploymentPostprocessing = 0;
		};
/* End PBXFrameworksBuildPhase section */

/* Begin PBXGroup section */
		ACF282D62A2F890D008342D8 = {
			isa = PBXGroup;
			children = (
				ACF282E12A2F890E008342D8 /* Cryptocurrency */,
				ACF282E02A2F890E008342D8 /* Products */,
			);
			sourceTree = "<group>";
		};
		ACF282E02A2F890E008342D8 /* Products */ = {
			isa = PBXGroup;
			children = (
				ACF282DF2A2F890E008342D8 /* Cryptocurrency.app */,
			);
			name = Products;
			sourceTree = "<group>";
		};
		ACF282E12A2F890E008342D8 /* Cryptocurrency */ = {
			isa = PBXGroup;
			children = (
				ACF282F02A2F8979008342D8 /* Application */,
				ACF282F52A2F89A7008342D8 /* Utils */,
				ACF282F32A2F8993008342D8 /* Core */,
				ACF282F42A2F899E008342D8 /* Components */,
				ACF283092A2FBDCC008342D8 /* Models */,
				ACF282F22A2F898D008342D8 /* Modules */,
				ACF282F12A2F8983008342D8 /* Resources */,
				ACF282E82A2F890F008342D8 /* Preview Content */,
			);
			path = Cryptocurrency;
			sourceTree = "<group>";
		};
		ACF282E82A2F890F008342D8 /* Preview Content */ = {
			isa = PBXGroup;
			children = (
				ACF282E92A2F890F008342D8 /* Preview Assets.xcassets */,
			);
			path = "Preview Content";
			sourceTree = "<group>";
		};
		ACF282F02A2F8979008342D8 /* Application */ = {
			isa = PBXGroup;
			children = (
				ACF282E22A2F890E008342D8 /* CryptocurrencyApp.swift */,
			);
			path = Application;
			sourceTree = "<group>";
		};
		ACF282F12A2F8983008342D8 /* Resources */ = {
			isa = PBXGroup;
			children = (
				ACF282E62A2F890F008342D8 /* Assets.xcassets */,
			);
			path = Resources;
			sourceTree = "<group>";
		};
		ACF282F22A2F898D008342D8 /* Modules */ = {
			isa = PBXGroup;
			children = (
				ACF282F62A2F89BA008342D8 /* Home */,
			);
			path = Modules;
			sourceTree = "<group>";
		};
		ACF282F32A2F8993008342D8 /* Core */ = {
			isa = PBXGroup;
			children = (
				ACF283002A2FB5A2008342D8 /* Extension */,
			);
			path = Core;
			sourceTree = "<group>";
		};
		ACF282F42A2F899E008342D8 /* Components */ = {
			isa = PBXGroup;
			children = (
				ACF283052A2FB8BF008342D8 /* CircleButtonView.swift */,
				ACF283072A2FBC03008342D8 /* CircleButtonAnimationView.swift */,
			);
			path = Components;
			sourceTree = "<group>";
		};
		ACF282F52A2F89A7008342D8 /* Utils */ = {
			isa = PBXGroup;
			children = (
			);
			path = Utils;
			sourceTree = "<group>";
		};
		ACF282F62A2F89BA008342D8 /* Home */ = {
			isa = PBXGroup;
			children = (
				ACF282FF2A2F89EA008342D8 /* Service */,
				ACF282FC2A2F89D7008342D8 /* ViewModel */,
				ACF282FB2A2F89D3008342D8 /* View */,
			);
			path = Home;
			sourceTree = "<group>";
		};
		ACF282FB2A2F89D3008342D8 /* View */ = {
			isa = PBXGroup;
			children = (
				ACF282F72A2F89C7008342D8 /* HomeView.swift */,
			);
			path = View;
			sourceTree = "<group>";
		};
		ACF282FC2A2F89D7008342D8 /* ViewModel */ = {
			isa = PBXGroup;
			children = (
				ACF282F92A2F89CF008342D8 /* HomeViewModel.swift */,
			);
			path = ViewModel;
			sourceTree = "<group>";
		};
		ACF282FF2A2F89EA008342D8 /* Service */ = {
			isa = PBXGroup;
			children = (
			);
			path = Service;
			sourceTree = "<group>";
		};
		ACF283002A2FB5A2008342D8 /* Extension */ = {
			isa = PBXGroup;
			children = (
				ACF283012A2FB5AE008342D8 /* Color+EXT.swift */,
			);
			path = Extension;
			sourceTree = "<group>";
		};
		ACF283092A2FBDCC008342D8 /* Models */ = {
			isa = PBXGroup;
			children = (
				ACF2830A2A2FBDD4008342D8 /* Coin.swift */,
			);
			path = Models;
			sourceTree = "<group>";
		};
/* End PBXGroup section */

/* Begin PBXNativeTarget section */
		ACF282DE2A2F890E008342D8 /* Cryptocurrency */ = {
			isa = PBXNativeTarget;
			buildConfigurationList = ACF282ED2A2F890F008342D8 /* Build configuration list for PBXNativeTarget "Cryptocurrency" */;
			buildPhases = (
				ACF282DB2A2F890E008342D8 /* Sources */,
				ACF282DC2A2F890E008342D8 /* Frameworks */,
				ACF282DD2A2F890E008342D8 /* Resources */,
			);
			buildRules = (
			);
			dependencies = (
			);
			name = Cryptocurrency;
			productName = Cryptocurrency;
			productReference = ACF282DF2A2F890E008342D8 /* Cryptocurrency.app */;
			productType = "com.apple.product-type.application";
		};
/* End PBXNativeTarget section */

/* Begin PBXProject section */
		ACF282D72A2F890D008342D8 /* Project object */ = {
			isa = PBXProject;
			attributes = {
				BuildIndependentTargetsInParallel = 1;
				LastSwiftUpdateCheck = 1430;
				LastUpgradeCheck = 1430;
				TargetAttributes = {
					ACF282DE2A2F890E008342D8 = {
						CreatedOnToolsVersion = 14.3;
					};
				};
			};
			buildConfigurationList = ACF282DA2A2F890D008342D8 /* Build configuration list for PBXProject "Cryptocurrency" */;
			compatibilityVersion = "Xcode 13.0";
			developmentRegion = en;
			hasScannedForEncodings = 0;
			knownRegions = (
				en,
				Base,
			);
			mainGroup = ACF282D62A2F890D008342D8;
			productRefGroup = ACF282E02A2F890E008342D8 /* Products */;
			projectDirPath = "";
			projectRoot = "";
			targets = (
				ACF282DE2A2F890E008342D8 /* Cryptocurrency */,
			);
		};
/* End PBXProject section */

/* Begin PBXResourcesBuildPhase section */
		ACF282DD2A2F890E008342D8 /* Resources */ = {
			isa = PBXResourcesBuildPhase;
			buildActionMask = 2147483647;
			files = (
				ACF282EA2A2F890F008342D8 /* Preview Assets.xcassets in Resources */,
				ACF282E72A2F890F008342D8 /* Assets.xcassets in Resources */,
			);
			runOnlyForDeploymentPostprocessing = 0;
		};
/* End PBXResourcesBuildPhase section */

/* Begin PBXSourcesBuildPhase section */
		ACF282DB2A2F890E008342D8 /* Sources */ = {
			isa = PBXSourcesBuildPhase;
			buildActionMask = 2147483647;
			files = (
				ACF282F82A2F89C7008342D8 /* HomeView.swift in Sources */,
				ACF283022A2FB5AE008342D8 /* Color+EXT.swift in Sources */,
				ACF282E32A2F890E008342D8 /* CryptocurrencyApp.swift in Sources */,
				ACF283062A2FB8BF008342D8 /* CircleButtonView.swift in Sources */,
				ACF282FA2A2F89CF008342D8 /* HomeViewModel.swift in Sources */,
				ACF283082A2FBC03008342D8 /* CircleButtonAnimationView.swift in Sources */,
				ACF2830B2A2FBDD4008342D8 /* Coin.swift in Sources */,
			);
			runOnlyForDeploymentPostprocessing = 0;
		};
/* End PBXSourcesBuildPhase section */

/* Begin XCBuildConfiguration section */
		ACF282EB2A2F890F008342D8 /* Debug */ = {
			isa = XCBuildConfiguration;
			buildSettings = {
				ALWAYS_SEARCH_USER_PATHS = NO;
				CLANG_ANALYZER_NONNULL = YES;
				CLANG_ANALYZER_NUMBER_OBJECT_CONVERSION = YES_AGGRESSIVE;
				CLANG_CXX_LANGUAGE_STANDARD = "gnu++20";
				CLANG_ENABLE_MODULES = YES;
				CLANG_ENABLE_OBJC_ARC = YES;
				CLANG_ENABLE_OBJC_WEAK = YES;
				CLANG_WARN_BLOCK_CAPTURE_AUTORELEASING = YES;
				CLANG_WARN_BOOL_CONVERSION = YES;
				CLANG_WARN_COMMA = YES;
				CLANG_WARN_CONSTANT_CONVERSION = YES;
				CLANG_WARN_DEPRECATED_OBJC_IMPLEMENTATIONS = YES;
				CLANG_WARN_DIRECT_OBJC_ISA_USAGE = YES_ERROR;
				CLANG_WARN_DOCUMENTATION_COMMENTS = YES;
				CLANG_WARN_EMPTY_BODY = YES;
				CLANG_WARN_ENUM_CONVERSION = YES;
				CLANG_WARN_INFINITE_RECURSION = YES;
				CLANG_WARN_INT_CONVERSION = YES;
				CLANG_WARN_NON_LITERAL_NULL_CONVERSION = YES;
				CLANG_WARN_OBJC_IMPLICIT_RETAIN_SELF = YES;
				CLANG_WARN_OBJC_LITERAL_CONVERSION = YES;
				CLANG_WARN_OBJC_ROOT_CLASS = YES_ERROR;
				CLANG_WARN_QUOTED_INCLUDE_IN_FRAMEWORK_HEADER = YES;
				CLANG_WARN_RANGE_LOOP_ANALYSIS = YES;
				CLANG_WARN_STRICT_PROTOTYPES = YES;
				CLANG_WARN_SUSPICIOUS_MOVE = YES;
				CLANG_WARN_UNGUARDED_AVAILABILITY = YES_AGGRESSIVE;
				CLANG_WARN_UNREACHABLE_CODE = YES;
				CLANG_WARN__DUPLICATE_METHOD_MATCH = YES;
				COPY_PHASE_STRIP = NO;
				DEBUG_INFORMATION_FORMAT = dwarf;
				ENABLE_STRICT_OBJC_MSGSEND = YES;
				ENABLE_TESTABILITY = YES;
				GCC_C_LANGUAGE_STANDARD = gnu11;
				GCC_DYNAMIC_NO_PIC = NO;
				GCC_NO_COMMON_BLOCKS = YES;
				GCC_OPTIMIZATION_LEVEL = 0;
				GCC_PREPROCESSOR_DEFINITIONS = (
					"DEBUG=1",
					"$(inherited)",
				);
				GCC_WARN_64_TO_32_BIT_CONVERSION = YES;
				GCC_WARN_ABOUT_RETURN_TYPE = YES_ERROR;
				GCC_WARN_UNDECLARED_SELECTOR = YES;
				GCC_WARN_UNINITIALIZED_AUTOS = YES_AGGRESSIVE;
				GCC_WARN_UNUSED_FUNCTION = YES;
				GCC_WARN_UNUSED_VARIABLE = YES;
				IPHONEOS_DEPLOYMENT_TARGET = 14.0;
				MTL_ENABLE_DEBUG_INFO = INCLUDE_SOURCE;
				MTL_FAST_MATH = YES;
				ONLY_ACTIVE_ARCH = YES;
				SDKROOT = iphoneos;
				SWIFT_ACTIVE_COMPILATION_CONDITIONS = DEBUG;
				SWIFT_OPTIMIZATION_LEVEL = "-Onone";
			};
			name = Debug;
		};
		ACF282EC2A2F890F008342D8 /* Release */ = {
			isa = XCBuildConfiguration;
			buildSettings = {
				ALWAYS_SEARCH_USER_PATHS = NO;
				CLANG_ANALYZER_NONNULL = YES;
				CLANG_ANALYZER_NUMBER_OBJECT_CONVERSION = YES_AGGRESSIVE;
				CLANG_CXX_LANGUAGE_STANDARD = "gnu++20";
				CLANG_ENABLE_MODULES = YES;
				CLANG_ENABLE_OBJC_ARC = YES;
				CLANG_ENABLE_OBJC_WEAK = YES;
				CLANG_WARN_BLOCK_CAPTURE_AUTORELEASING = YES;
				CLANG_WARN_BOOL_CONVERSION = YES;
				CLANG_WARN_COMMA = YES;
				CLANG_WARN_CONSTANT_CONVERSION = YES;
				CLANG_WARN_DEPRECATED_OBJC_IMPLEMENTATIONS = YES;
				CLANG_WARN_DIRECT_OBJC_ISA_USAGE = YES_ERROR;
				CLANG_WARN_DOCUMENTATION_COMMENTS = YES;
				CLANG_WARN_EMPTY_BODY = YES;
				CLANG_WARN_ENUM_CONVERSION = YES;
				CLANG_WARN_INFINITE_RECURSION = YES;
				CLANG_WARN_INT_CONVERSION = YES;
				CLANG_WARN_NON_LITERAL_NULL_CONVERSION = YES;
				CLANG_WARN_OBJC_IMPLICIT_RETAIN_SELF = YES;
				CLANG_WARN_OBJC_LITERAL_CONVERSION = YES;
				CLANG_WARN_OBJC_ROOT_CLASS = YES_ERROR;
				CLANG_WARN_QUOTED_INCLUDE_IN_FRAMEWORK_HEADER = YES;
				CLANG_WARN_RANGE_LOOP_ANALYSIS = YES;
				CLANG_WARN_STRICT_PROTOTYPES = YES;
				CLANG_WARN_SUSPICIOUS_MOVE = YES;
				CLANG_WARN_UNGUARDED_AVAILABILITY = YES_AGGRESSIVE;
				CLANG_WARN_UNREACHABLE_CODE = YES;
				CLANG_WARN__DUPLICATE_METHOD_MATCH = YES;
				COPY_PHASE_STRIP = NO;
				DEBUG_INFORMATION_FORMAT = "dwarf-with-dsym";
				ENABLE_NS_ASSERTIONS = NO;
				ENABLE_STRICT_OBJC_MSGSEND = YES;
				GCC_C_LANGUAGE_STANDARD = gnu11;
				GCC_NO_COMMON_BLOCKS = YES;
				GCC_WARN_64_TO_32_BIT_CONVERSION = YES;
				GCC_WARN_ABOUT_RETURN_TYPE = YES_ERROR;
				GCC_WARN_UNDECLARED_SELECTOR = YES;
				GCC_WARN_UNINITIALIZED_AUTOS = YES_AGGRESSIVE;
				GCC_WARN_UNUSED_FUNCTION = YES;
				GCC_WARN_UNUSED_VARIABLE = YES;
				IPHONEOS_DEPLOYMENT_TARGET = 14.0;
				MTL_ENABLE_DEBUG_INFO = NO;
				MTL_FAST_MATH = YES;
				SDKROOT = iphoneos;
				SWIFT_COMPILATION_MODE = wholemodule;
				SWIFT_OPTIMIZATION_LEVEL = "-O";
				VALIDATE_PRODUCT = YES;
			};
			name = Release;
		};
		ACF282EE2A2F890F008342D8 /* Debug */ = {
			isa = XCBuildConfiguration;
			buildSettings = {
				ASSETCATALOG_COMPILER_APPICON_NAME = AppIcon;
				ASSETCATALOG_COMPILER_GLOBAL_ACCENT_COLOR_NAME = AccentColor;
				CODE_SIGN_STYLE = Automatic;
				CURRENT_PROJECT_VERSION = 1;
				DEVELOPMENT_ASSET_PATHS = "\"Cryptocurrency/Preview Content\"";
				DEVELOPMENT_TEAM = M4SYRBQBFW;
				ENABLE_PREVIEWS = YES;
				GENERATE_INFOPLIST_FILE = YES;
				INFOPLIST_KEY_UIApplicationSceneManifest_Generation = YES;
				INFOPLIST_KEY_UIApplicationSupportsIndirectInputEvents = YES;
				INFOPLIST_KEY_UILaunchScreen_Generation = YES;
				INFOPLIST_KEY_UISupportedInterfaceOrientations = "UIInterfaceOrientationLandscapeLeft UIInterfaceOrientationLandscapeRight UIInterfaceOrientationPortrait";
				INFOPLIST_KEY_UISupportedInterfaceOrientations_iPad = "UIInterfaceOrientationLandscapeLeft UIInterfaceOrientationLandscapeRight UIInterfaceOrientationPortrait UIInterfaceOrientationPortraitUpsideDown";
				IPHONEOS_DEPLOYMENT_TARGET = 14.0;
				LD_RUNPATH_SEARCH_PATHS = (
					"$(inherited)",
					"@executable_path/Frameworks",
				);
				MARKETING_VERSION = 1.0;
				PRODUCT_BUNDLE_IDENTIFIER = com.AhmedAmin.Cryptocurrency;
				PRODUCT_NAME = "$(TARGET_NAME)";
				SUPPORTED_PLATFORMS = "iphoneos iphonesimulator";
				SUPPORTS_MACCATALYST = NO;
				SUPPORTS_MAC_DESIGNED_FOR_IPHONE_IPAD = NO;
				SWIFT_EMIT_LOC_STRINGS = YES;
				SWIFT_VERSION = 5.0;
				TARGETED_DEVICE_FAMILY = 1;
			};
			name = Debug;
		};
		ACF282EF2A2F890F008342D8 /* Release */ = {
			isa = XCBuildConfiguration;
			buildSettings = {
				ASSETCATALOG_COMPILER_APPICON_NAME = AppIcon;
				ASSETCATALOG_COMPILER_GLOBAL_ACCENT_COLOR_NAME = AccentColor;
				CODE_SIGN_STYLE = Automatic;
				CURRENT_PROJECT_VERSION = 1;
				DEVELOPMENT_ASSET_PATHS = "\"Cryptocurrency/Preview Content\"";
				DEVELOPMENT_TEAM = M4SYRBQBFW;
				ENABLE_PREVIEWS = YES;
				GENERATE_INFOPLIST_FILE = YES;
				INFOPLIST_KEY_UIApplicationSceneManifest_Generation = YES;
				INFOPLIST_KEY_UIApplicationSupportsIndirectInputEvents = YES;
				INFOPLIST_KEY_UILaunchScreen_Generation = YES;
				INFOPLIST_KEY_UISupportedInterfaceOrientations = "UIInterfaceOrientationLandscapeLeft UIInterfaceOrientationLandscapeRight UIInterfaceOrientationPortrait";
				INFOPLIST_KEY_UISupportedInterfaceOrientations_iPad = "UIInterfaceOrientationLandscapeLeft UIInterfaceOrientationLandscapeRight UIInterfaceOrientationPortrait UIInterfaceOrientationPortraitUpsideDown";
				IPHONEOS_DEPLOYMENT_TARGET = 14.0;
				LD_RUNPATH_SEARCH_PATHS = (
					"$(inherited)",
					"@executable_path/Frameworks",
				);
				MARKETING_VERSION = 1.0;
				PRODUCT_BUNDLE_IDENTIFIER = com.AhmedAmin.Cryptocurrency;
				PRODUCT_NAME = "$(TARGET_NAME)";
				SUPPORTED_PLATFORMS = "iphoneos iphonesimulator";
				SUPPORTS_MACCATALYST = NO;
				SUPPORTS_MAC_DESIGNED_FOR_IPHONE_IPAD = NO;
				SWIFT_EMIT_LOC_STRINGS = YES;
				SWIFT_VERSION = 5.0;
				TARGETED_DEVICE_FAMILY = 1;
			};
			name = Release;
		};
/* End XCBuildConfiguration section */

/* Begin XCConfigurationList section */
		ACF282DA2A2F890D008342D8 /* Build configuration list for PBXProject "Cryptocurrency" */ = {
			isa = XCConfigurationList;
			buildConfigurations = (
				ACF282EB2A2F890F008342D8 /* Debug */,
				ACF282EC2A2F890F008342D8 /* Release */,
			);
			defaultConfigurationIsVisible = 0;
			defaultConfigurationName = Release;
		};
		ACF282ED2A2F890F008342D8 /* Build configuration list for PBXNativeTarget "Cryptocurrency" */ = {
			isa = XCConfigurationList;
			buildConfigurations = (
				ACF282EE2A2F890F008342D8 /* Debug */,
				ACF282EF2A2F890F008342D8 /* Release */,
			);
			defaultConfigurationIsVisible = 0;
			defaultConfigurationName = Release;
		};
/* End XCConfigurationList section */
	};
	rootObject = ACF282D72A2F890D008342D8 /* Project object */;
}
