// !$*UTF8*$!
{
	archiveVersion = 1;
	classes = {
	};
	objectVersion = 55;
	objects = {

/* Begin PBXBuildFile section */
		AC1F0CCD2A34D7AB00E41CEE /* PortfolioView.swift in Sources */ = {isa = PBXBuildFile; fileRef = AC1F0CCC2A34D7AB00E41CEE /* PortfolioView.swift */; };
		AC1F0CD02A34DE4E00E41CEE /* CoinLogoView.swift in Sources */ = {isa = PBXBuildFile; fileRef = AC1F0CCF2A34DE4E00E41CEE /* CoinLogoView.swift */; };
		AC3118442A3F2AC700B7903B /* PortfolioViewModel.swift in Sources */ = {isa = PBXBuildFile; fileRef = AC3118432A3F2AC700B7903B /* PortfolioViewModel.swift */; };
		AC3118472A3F3CA500B7903B /* Portfolio.xcdatamodeld in Sources */ = {isa = PBXBuildFile; fileRef = AC3118452A3F3CA500B7903B /* Portfolio.xcdatamodeld */; };
		AC3118492A3F3CC500B7903B /* PortfolioDataService.swift in Sources */ = {isa = PBXBuildFile; fileRef = AC3118482A3F3CC500B7903B /* PortfolioDataService.swift */; };
		AC31184E2A3F5F0600B7903B /* DetailView.swift in Sources */ = {isa = PBXBuildFile; fileRef = AC31184D2A3F5F0600B7903B /* DetailView.swift */; };
		AC3118502A3F5F0E00B7903B /* DetailViewModel.swift in Sources */ = {isa = PBXBuildFile; fileRef = AC31184F2A3F5F0E00B7903B /* DetailViewModel.swift */; };
		AC3118522A3F7DF300B7903B /* CoinDetail.swift in Sources */ = {isa = PBXBuildFile; fileRef = AC3118512A3F7DF300B7903B /* CoinDetail.swift */; };
		AC3118542A3F7E2200B7903B /* String+EXT.swift in Sources */ = {isa = PBXBuildFile; fileRef = AC3118532A3F7E2200B7903B /* String+EXT.swift */; };
		AC3118562A3F7EAD00B7903B /* CoinDetailDataService.swift in Sources */ = {isa = PBXBuildFile; fileRef = AC3118552A3F7EAD00B7903B /* CoinDetailDataService.swift */; };
		AC3B8AAA2A322C10008D6B2B /* NetworkManager.swift in Sources */ = {isa = PBXBuildFile; fileRef = AC3B8AA92A322C10008D6B2B /* NetworkManager.swift */; };
		AC3B8AAC2A32312B008D6B2B /* ImageDataService.swift in Sources */ = {isa = PBXBuildFile; fileRef = AC3B8AAB2A32312B008D6B2B /* ImageDataService.swift */; };
		AC3B8AAE2A323159008D6B2B /* CoinImageView.swift in Sources */ = {isa = PBXBuildFile; fileRef = AC3B8AAD2A323159008D6B2B /* CoinImageView.swift */; };
		AC3B8AB22A3231AC008D6B2B /* CoinImageViewModel.swift in Sources */ = {isa = PBXBuildFile; fileRef = AC3B8AB12A3231AC008D6B2B /* CoinImageViewModel.swift */; };
		AC3B8AB62A3237DC008D6B2B /* LocalFileManager.swift in Sources */ = {isa = PBXBuildFile; fileRef = AC3B8AB52A3237DC008D6B2B /* LocalFileManager.swift */; };
		AC3B8AB92A325067008D6B2B /* SearchBarView.swift in Sources */ = {isa = PBXBuildFile; fileRef = AC3B8AB82A325067008D6B2B /* SearchBarView.swift */; };
		AC3B8ABB2A3254B3008D6B2B /* UIApplication+EXT.swift in Sources */ = {isa = PBXBuildFile; fileRef = AC3B8ABA2A3254B3008D6B2B /* UIApplication+EXT.swift */; };
		AC3B8ABD2A3276A1008D6B2B /* Statistic.swift in Sources */ = {isa = PBXBuildFile; fileRef = AC3B8ABC2A3276A1008D6B2B /* Statistic.swift */; };
		AC3B8ABF2A3276F9008D6B2B /* StatisticView.swift in Sources */ = {isa = PBXBuildFile; fileRef = AC3B8ABE2A3276F9008D6B2B /* StatisticView.swift */; };
		AC3B8AC22A3279D4008D6B2B /* HomeStatisticView.swift in Sources */ = {isa = PBXBuildFile; fileRef = AC3B8AC12A3279D4008D6B2B /* HomeStatisticView.swift */; };
		AC3B8AC42A327C80008D6B2B /* MarketData.swift in Sources */ = {isa = PBXBuildFile; fileRef = AC3B8AC32A327C80008D6B2B /* MarketData.swift */; };
		AC3B8AC62A327CFD008D6B2B /* MarketDataService.swift in Sources */ = {isa = PBXBuildFile; fileRef = AC3B8AC52A327CFD008D6B2B /* MarketDataService.swift */; };
		ACD47C162A4095C300B9DAC3 /* ChartView.swift in Sources */ = {isa = PBXBuildFile; fileRef = ACD47C152A4095C300B9DAC3 /* ChartView.swift */; };
		ACD47C182A409DE300B9DAC3 /* Date+EXT.swift in Sources */ = {isa = PBXBuildFile; fileRef = ACD47C172A409DE300B9DAC3 /* Date+EXT.swift */; };
		ACF282E32A2F890E008342D8 /* CryptocurrencyApp.swift in Sources */ = {isa = PBXBuildFile; fileRef = ACF282E22A2F890E008342D8 /* CryptocurrencyApp.swift */; };
		ACF282E72A2F890F008342D8 /* Assets.xcassets in Resources */ = {isa = PBXBuildFile; fileRef = ACF282E62A2F890F008342D8 /* Assets.xcassets */; };
		ACF282EA2A2F890F008342D8 /* Preview Assets.xcassets in Resources */ = {isa = PBXBuildFile; fileRef = ACF282E92A2F890F008342D8 /* Preview Assets.xcassets */; };
		ACF282F82A2F89C7008342D8 /* HomeView.swift in Sources */ = {isa = PBXBuildFile; fileRef = ACF282F72A2F89C7008342D8 /* HomeView.swift */; };
		ACF283022A2FB5AE008342D8 /* Color+EXT.swift in Sources */ = {isa = PBXBuildFile; fileRef = ACF283012A2FB5AE008342D8 /* Color+EXT.swift */; };
		ACF283062A2FB8BF008342D8 /* CircleButtonView.swift in Sources */ = {isa = PBXBuildFile; fileRef = ACF283052A2FB8BF008342D8 /* CircleButtonView.swift */; };
		ACF283082A2FBC03008342D8 /* CircleButtonAnimationView.swift in Sources */ = {isa = PBXBuildFile; fileRef = ACF283072A2FBC03008342D8 /* CircleButtonAnimationView.swift */; };
		ACF2830B2A2FBDD4008342D8 /* Coin.swift in Sources */ = {isa = PBXBuildFile; fileRef = ACF2830A2A2FBDD4008342D8 /* Coin.swift */; };
		ACF2830D2A2FBECD008342D8 /* CoinRowView.swift in Sources */ = {isa = PBXBuildFile; fileRef = ACF2830C2A2FBECD008342D8 /* CoinRowView.swift */; };
		ACF2830F2A2FBF1C008342D8 /* PreviewProvider+EXT.swift in Sources */ = {isa = PBXBuildFile; fileRef = ACF2830E2A2FBF1C008342D8 /* PreviewProvider+EXT.swift */; };
		ACF283112A2FC1CF008342D8 /* Double+EXT.swift in Sources */ = {isa = PBXBuildFile; fileRef = ACF283102A2FC1CF008342D8 /* Double+EXT.swift */; };
		ACF283132A2FC99A008342D8 /* HomeViewModel.swift in Sources */ = {isa = PBXBuildFile; fileRef = ACF283122A2FC99A008342D8 /* HomeViewModel.swift */; };
		ACF283162A2FD402008342D8 /* CoinDataService.swift in Sources */ = {isa = PBXBuildFile; fileRef = ACF283152A2FD402008342D8 /* CoinDataService.swift */; };
/* End PBXBuildFile section */

/* Begin PBXFileReference section */
		AC1F0CCC2A34D7AB00E41CEE /* PortfolioView.swift */ = {isa = PBXFileReference; lastKnownFileType = sourcecode.swift; path = PortfolioView.swift; sourceTree = "<group>"; };
		AC1F0CCF2A34DE4E00E41CEE /* CoinLogoView.swift */ = {isa = PBXFileReference; lastKnownFileType = sourcecode.swift; path = CoinLogoView.swift; sourceTree = "<group>"; };
		AC3118432A3F2AC700B7903B /* PortfolioViewModel.swift */ = {isa = PBXFileReference; lastKnownFileType = sourcecode.swift; path = PortfolioViewModel.swift; sourceTree = "<group>"; };
		AC3118462A3F3CA500B7903B /* Portfolio.xcdatamodel */ = {isa = PBXFileReference; lastKnownFileType = wrapper.xcdatamodel; path = Portfolio.xcdatamodel; sourceTree = "<group>"; };
		AC3118482A3F3CC500B7903B /* PortfolioDataService.swift */ = {isa = PBXFileReference; lastKnownFileType = sourcecode.swift; path = PortfolioDataService.swift; sourceTree = "<group>"; };
		AC31184D2A3F5F0600B7903B /* DetailView.swift */ = {isa = PBXFileReference; lastKnownFileType = sourcecode.swift; path = DetailView.swift; sourceTree = "<group>"; };
		AC31184F2A3F5F0E00B7903B /* DetailViewModel.swift */ = {isa = PBXFileReference; lastKnownFileType = sourcecode.swift; path = DetailViewModel.swift; sourceTree = "<group>"; };
		AC3118512A3F7DF300B7903B /* CoinDetail.swift */ = {isa = PBXFileReference; lastKnownFileType = sourcecode.swift; path = CoinDetail.swift; sourceTree = "<group>"; };
		AC3118532A3F7E2200B7903B /* String+EXT.swift */ = {isa = PBXFileReference; lastKnownFileType = sourcecode.swift; path = "String+EXT.swift"; sourceTree = "<group>"; };
		AC3118552A3F7EAD00B7903B /* CoinDetailDataService.swift */ = {isa = PBXFileReference; lastKnownFileType = sourcecode.swift; path = CoinDetailDataService.swift; sourceTree = "<group>"; };
		AC3B8AA92A322C10008D6B2B /* NetworkManager.swift */ = {isa = PBXFileReference; lastKnownFileType = sourcecode.swift; path = NetworkManager.swift; sourceTree = "<group>"; };
		AC3B8AAB2A32312B008D6B2B /* ImageDataService.swift */ = {isa = PBXFileReference; lastKnownFileType = sourcecode.swift; path = ImageDataService.swift; sourceTree = "<group>"; };
		AC3B8AAD2A323159008D6B2B /* CoinImageView.swift */ = {isa = PBXFileReference; lastKnownFileType = sourcecode.swift; path = CoinImageView.swift; sourceTree = "<group>"; };
		AC3B8AB12A3231AC008D6B2B /* CoinImageViewModel.swift */ = {isa = PBXFileReference; lastKnownFileType = sourcecode.swift; path = CoinImageViewModel.swift; sourceTree = "<group>"; };
		AC3B8AB52A3237DC008D6B2B /* LocalFileManager.swift */ = {isa = PBXFileReference; lastKnownFileType = sourcecode.swift; path = LocalFileManager.swift; sourceTree = "<group>"; };
		AC3B8AB82A325067008D6B2B /* SearchBarView.swift */ = {isa = PBXFileReference; lastKnownFileType = sourcecode.swift; path = SearchBarView.swift; sourceTree = "<group>"; };
		AC3B8ABA2A3254B3008D6B2B /* UIApplication+EXT.swift */ = {isa = PBXFileReference; lastKnownFileType = sourcecode.swift; path = "UIApplication+EXT.swift"; sourceTree = "<group>"; };
		AC3B8ABC2A3276A1008D6B2B /* Statistic.swift */ = {isa = PBXFileReference; lastKnownFileType = sourcecode.swift; path = Statistic.swift; sourceTree = "<group>"; };
		AC3B8ABE2A3276F9008D6B2B /* StatisticView.swift */ = {isa = PBXFileReference; lastKnownFileType = sourcecode.swift; path = StatisticView.swift; sourceTree = "<group>"; };
		AC3B8AC12A3279D4008D6B2B /* HomeStatisticView.swift */ = {isa = PBXFileReference; lastKnownFileType = sourcecode.swift; path = HomeStatisticView.swift; sourceTree = "<group>"; };
		AC3B8AC32A327C80008D6B2B /* MarketData.swift */ = {isa = PBXFileReference; lastKnownFileType = sourcecode.swift; path = MarketData.swift; sourceTree = "<group>"; };
		AC3B8AC52A327CFD008D6B2B /* MarketDataService.swift */ = {isa = PBXFileReference; lastKnownFileType = sourcecode.swift; path = MarketDataService.swift; sourceTree = "<group>"; };
		ACD47C152A4095C300B9DAC3 /* ChartView.swift */ = {isa = PBXFileReference; lastKnownFileType = sourcecode.swift; path = ChartView.swift; sourceTree = "<group>"; };
		ACD47C172A409DE300B9DAC3 /* Date+EXT.swift */ = {isa = PBXFileReference; lastKnownFileType = sourcecode.swift; path = "Date+EXT.swift"; sourceTree = "<group>"; };
		ACF282DF2A2F890E008342D8 /* Cryptocurrency.app */ = {isa = PBXFileReference; explicitFileType = wrapper.application; includeInIndex = 0; path = Cryptocurrency.app; sourceTree = BUILT_PRODUCTS_DIR; };
		ACF282E22A2F890E008342D8 /* CryptocurrencyApp.swift */ = {isa = PBXFileReference; lastKnownFileType = sourcecode.swift; path = CryptocurrencyApp.swift; sourceTree = "<group>"; };
		ACF282E62A2F890F008342D8 /* Assets.xcassets */ = {isa = PBXFileReference; lastKnownFileType = folder.assetcatalog; path = Assets.xcassets; sourceTree = "<group>"; };
		ACF282E92A2F890F008342D8 /* Preview Assets.xcassets */ = {isa = PBXFileReference; lastKnownFileType = folder.assetcatalog; path = "Preview Assets.xcassets"; sourceTree = "<group>"; };
		ACF282F72A2F89C7008342D8 /* HomeView.swift */ = {isa = PBXFileReference; lastKnownFileType = sourcecode.swift; path = HomeView.swift; sourceTree = "<group>"; };
		ACF283012A2FB5AE008342D8 /* Color+EXT.swift */ = {isa = PBXFileReference; lastKnownFileType = sourcecode.swift; path = "Color+EXT.swift"; sourceTree = "<group>"; };
		ACF283052A2FB8BF008342D8 /* CircleButtonView.swift */ = {isa = PBXFileReference; lastKnownFileType = sourcecode.swift; path = CircleButtonView.swift; sourceTree = "<group>"; };
		ACF283072A2FBC03008342D8 /* CircleButtonAnimationView.swift */ = {isa = PBXFileReference; lastKnownFileType = sourcecode.swift; path = CircleButtonAnimationView.swift; sourceTree = "<group>"; };
		ACF2830A2A2FBDD4008342D8 /* Coin.swift */ = {isa = PBXFileReference; lastKnownFileType = sourcecode.swift; path = Coin.swift; sourceTree = "<group>"; };
		ACF2830C2A2FBECD008342D8 /* CoinRowView.swift */ = {isa = PBXFileReference; lastKnownFileType = sourcecode.swift; path = CoinRowView.swift; sourceTree = "<group>"; };
		ACF2830E2A2FBF1C008342D8 /* PreviewProvider+EXT.swift */ = {isa = PBXFileReference; lastKnownFileType = sourcecode.swift; path = "PreviewProvider+EXT.swift"; sourceTree = "<group>"; };
		ACF283102A2FC1CF008342D8 /* Double+EXT.swift */ = {isa = PBXFileReference; lastKnownFileType = sourcecode.swift; path = "Double+EXT.swift"; sourceTree = "<group>"; };
		ACF283122A2FC99A008342D8 /* HomeViewModel.swift */ = {isa = PBXFileReference; lastKnownFileType = sourcecode.swift; path = HomeViewModel.swift; sourceTree = "<group>"; };
		ACF283152A2FD402008342D8 /* CoinDataService.swift */ = {isa = PBXFileReference; lastKnownFileType = sourcecode.swift; path = CoinDataService.swift; sourceTree = "<group>"; };
/* End PBXFileReference section */

/* Begin PBXFrameworksBuildPhase section */
		ACF282DC2A2F890E008342D8 /* Frameworks */ = {
			isa = PBXFrameworksBuildPhase;
			buildActionMask = 2147483647;
			files = (
			);
			runOnlyForDeploymentPostprocessing = 0;
		};
/* End PBXFrameworksBuildPhase section */

/* Begin PBXGroup section */
		AC1F0CCE2A34DE4300E41CEE /* CoinLogo */ = {
			isa = PBXGroup;
			children = (
				AC1F0CCF2A34DE4E00E41CEE /* CoinLogoView.swift */,
			);
			path = CoinLogo;
			sourceTree = "<group>";
		};
		AC3118402A3F2A9C00B7903B /* EditPortfolio */ = {
			isa = PBXGroup;
			children = (
				AC3118422A3F2AAB00B7903B /* ViewModel */,
				AC3118412A3F2AA700B7903B /* View */,
			);
			path = EditPortfolio;
			sourceTree = "<group>";
		};
		AC3118412A3F2AA700B7903B /* View */ = {
			isa = PBXGroup;
			children = (
				AC1F0CCC2A34D7AB00E41CEE /* PortfolioView.swift */,
			);
			path = View;
			sourceTree = "<group>";
		};
		AC3118422A3F2AAB00B7903B /* ViewModel */ = {
			isa = PBXGroup;
			children = (
				AC3118432A3F2AC700B7903B /* PortfolioViewModel.swift */,
			);
			path = ViewModel;
			sourceTree = "<group>";
		};
		AC31184A2A3F5EED00B7903B /* DetailView */ = {
			isa = PBXGroup;
			children = (
				AC31184C2A3F5EFC00B7903B /* ViewModel */,
				AC31184B2A3F5EF800B7903B /* View */,
			);
			path = DetailView;
			sourceTree = "<group>";
		};
		AC31184B2A3F5EF800B7903B /* View */ = {
			isa = PBXGroup;
			children = (
				AC31184D2A3F5F0600B7903B /* DetailView.swift */,
			);
			path = View;
			sourceTree = "<group>";
		};
		AC31184C2A3F5EFC00B7903B /* ViewModel */ = {
			isa = PBXGroup;
			children = (
				AC31184F2A3F5F0E00B7903B /* DetailViewModel.swift */,
			);
			path = ViewModel;
			sourceTree = "<group>";
		};
		AC3B8AAF2A323192008D6B2B /* CirculeButton */ = {
			isa = PBXGroup;
			children = (
				ACF283052A2FB8BF008342D8 /* CircleButtonView.swift */,
				ACF283072A2FBC03008342D8 /* CircleButtonAnimationView.swift */,
			);
			path = CirculeButton;
			sourceTree = "<group>";
		};
		AC3B8AB02A32319C008D6B2B /* CoinImage */ = {
			isa = PBXGroup;
			children = (
				AC3B8AAD2A323159008D6B2B /* CoinImageView.swift */,
				AC3B8AB12A3231AC008D6B2B /* CoinImageViewModel.swift */,
			);
			path = CoinImage;
			sourceTree = "<group>";
		};
		AC3B8AB72A325058008D6B2B /* SearchBar */ = {
			isa = PBXGroup;
			children = (
				AC3B8AB82A325067008D6B2B /* SearchBarView.swift */,
			);
			path = SearchBar;
			sourceTree = "<group>";
		};
		AC3B8AC02A3279B6008D6B2B /* StatisticView */ = {
			isa = PBXGroup;
			children = (
				AC3B8ABE2A3276F9008D6B2B /* StatisticView.swift */,
			);
			path = StatisticView;
			sourceTree = "<group>";
		};
		ACD47C142A4095B900B9DAC3 /* ChartView */ = {
			isa = PBXGroup;
			children = (
				ACD47C152A4095C300B9DAC3 /* ChartView.swift */,
			);
			path = ChartView;
			sourceTree = "<group>";
		};
		ACF282D62A2F890D008342D8 = {
			isa = PBXGroup;
			children = (
				ACF282E12A2F890E008342D8 /* Cryptocurrency */,
				ACF282E02A2F890E008342D8 /* Products */,
			);
			sourceTree = "<group>";
		};
		ACF282E02A2F890E008342D8 /* Products */ = {
			isa = PBXGroup;
			children = (
				ACF282DF2A2F890E008342D8 /* Cryptocurrency.app */,
			);
			name = Products;
			sourceTree = "<group>";
		};
		ACF282E12A2F890E008342D8 /* Cryptocurrency */ = {
			isa = PBXGroup;
			children = (
				ACF282F02A2F8979008342D8 /* Application */,
				ACF282F52A2F89A7008342D8 /* Utils */,
				ACF282F32A2F8993008342D8 /* Core */,
				ACF282F42A2F899E008342D8 /* Components */,
				ACF283092A2FBDCC008342D8 /* Models */,
				ACF283142A2FD3A1008342D8 /* Services */,
				ACF282F22A2F898D008342D8 /* Modules */,
				ACF282F12A2F8983008342D8 /* Resources */,
				ACF282E82A2F890F008342D8 /* Preview Content */,
			);
			path = Cryptocurrency;
			sourceTree = "<group>";
		};
		ACF282E82A2F890F008342D8 /* Preview Content */ = {
			isa = PBXGroup;
			children = (
				ACF282E92A2F890F008342D8 /* Preview Assets.xcassets */,
			);
			path = "Preview Content";
			sourceTree = "<group>";
		};
		ACF282F02A2F8979008342D8 /* Application */ = {
			isa = PBXGroup;
			children = (
				ACF282E22A2F890E008342D8 /* CryptocurrencyApp.swift */,
			);
			path = Application;
			sourceTree = "<group>";
		};
		ACF282F12A2F8983008342D8 /* Resources */ = {
			isa = PBXGroup;
			children = (
				ACF282E62A2F890F008342D8 /* Assets.xcassets */,
			);
			path = Resources;
			sourceTree = "<group>";
		};
		ACF282F22A2F898D008342D8 /* Modules */ = {
			isa = PBXGroup;
			children = (
				ACF282F62A2F89BA008342D8 /* Home */,
				AC3118402A3F2A9C00B7903B /* EditPortfolio */,
				AC31184A2A3F5EED00B7903B /* DetailView */,
			);
			path = Modules;
			sourceTree = "<group>";
		};
		ACF282F32A2F8993008342D8 /* Core */ = {
			isa = PBXGroup;
			children = (
				ACF283002A2FB5A2008342D8 /* Extension */,
			);
			path = Core;
			sourceTree = "<group>";
		};
		ACF282F42A2F899E008342D8 /* Components */ = {
			isa = PBXGroup;
			children = (
				ACD47C142A4095B900B9DAC3 /* ChartView */,
				AC3B8AC02A3279B6008D6B2B /* StatisticView */,
				AC3B8AB72A325058008D6B2B /* SearchBar */,
				AC1F0CCE2A34DE4300E41CEE /* CoinLogo */,
				AC3B8AB02A32319C008D6B2B /* CoinImage */,
				AC3B8AAF2A323192008D6B2B /* CirculeButton */,
			);
			path = Components;
			sourceTree = "<group>";
		};
		ACF282F52A2F89A7008342D8 /* Utils */ = {
			isa = PBXGroup;
			children = (
				AC3B8AA92A322C10008D6B2B /* NetworkManager.swift */,
				AC3B8AB52A3237DC008D6B2B /* LocalFileManager.swift */,
			);
			path = Utils;
			sourceTree = "<group>";
		};
		ACF282F62A2F89BA008342D8 /* Home */ = {
			isa = PBXGroup;
			children = (
				ACF282FC2A2F89D7008342D8 /* ViewModel */,
				ACF282FB2A2F89D3008342D8 /* View */,
			);
			path = Home;
			sourceTree = "<group>";
		};
		ACF282FB2A2F89D3008342D8 /* View */ = {
			isa = PBXGroup;
			children = (
				ACF282F72A2F89C7008342D8 /* HomeView.swift */,
				ACF2830C2A2FBECD008342D8 /* CoinRowView.swift */,
				AC3B8AC12A3279D4008D6B2B /* HomeStatisticView.swift */,
			);
			path = View;
			sourceTree = "<group>";
		};
		ACF282FC2A2F89D7008342D8 /* ViewModel */ = {
			isa = PBXGroup;
			children = (
				ACF283122A2FC99A008342D8 /* HomeViewModel.swift */,
			);
			path = ViewModel;
			sourceTree = "<group>";
		};
		ACF283002A2FB5A2008342D8 /* Extension */ = {
			isa = PBXGroup;
			children = (
				ACF283012A2FB5AE008342D8 /* Color+EXT.swift */,
				ACF283102A2FC1CF008342D8 /* Double+EXT.swift */,
				AC3118532A3F7E2200B7903B /* String+EXT.swift */,
				ACD47C172A409DE300B9DAC3 /* Date+EXT.swift */,
				AC3B8ABA2A3254B3008D6B2B /* UIApplication+EXT.swift */,
				ACF2830E2A2FBF1C008342D8 /* PreviewProvider+EXT.swift */,
			);
			path = Extension;
			sourceTree = "<group>";
		};
		ACF283092A2FBDCC008342D8 /* Models */ = {
			isa = PBXGroup;
			children = (
				ACF2830A2A2FBDD4008342D8 /* Coin.swift */,
				AC3118512A3F7DF300B7903B /* CoinDetail.swift */,
				AC3B8ABC2A3276A1008D6B2B /* Statistic.swift */,
				AC3B8AC32A327C80008D6B2B /* MarketData.swift */,
				AC3118452A3F3CA500B7903B /* Portfolio.xcdatamodeld */,
			);
			path = Models;
			sourceTree = "<group>";
		};
		ACF283142A2FD3A1008342D8 /* Services */ = {
			isa = PBXGroup;
			children = (
				ACF283152A2FD402008342D8 /* CoinDataService.swift */,
				AC3118552A3F7EAD00B7903B /* CoinDetailDataService.swift */,
				AC3B8AAB2A32312B008D6B2B /* ImageDataService.swift */,
				AC3B8AC52A327CFD008D6B2B /* MarketDataService.swift */,
				AC3118482A3F3CC500B7903B /* PortfolioDataService.swift */,
			);
			path = Services;
			sourceTree = "<group>";
		};
/* End PBXGroup section */

/* Begin PBXNativeTarget section */
		ACF282DE2A2F890E008342D8 /* Cryptocurrency */ = {
			isa = PBXNativeTarget;
			buildConfigurationList = ACF282ED2A2F890F008342D8 /* Build configuration list for PBXNativeTarget "Cryptocurrency" */;
			buildPhases = (
				ACF282DB2A2F890E008342D8 /* Sources */,
				ACF282DC2A2F890E008342D8 /* Frameworks */,
				ACF282DD2A2F890E008342D8 /* Resources */,
			);
			buildRules = (
			);
			dependencies = (
			);
			name = Cryptocurrency;
			productName = Cryptocurrency;
			productReference = ACF282DF2A2F890E008342D8 /* Cryptocurrency.app */;
			productType = "com.apple.product-type.application";
		};
/* End PBXNativeTarget section */

/* Begin PBXProject section */
		ACF282D72A2F890D008342D8 /* Project object */ = {
			isa = PBXProject;
			attributes = {
				BuildIndependentTargetsInParallel = 1;
				LastSwiftUpdateCheck = 1430;
				LastUpgradeCheck = 1430;
				TargetAttributes = {
					ACF282DE2A2F890E008342D8 = {
						CreatedOnToolsVersion = 14.3;
					};
				};
			};
			buildConfigurationList = ACF282DA2A2F890D008342D8 /* Build configuration list for PBXProject "Cryptocurrency" */;
			compatibilityVersion = "Xcode 13.0";
			developmentRegion = en;
			hasScannedForEncodings = 0;
			knownRegions = (
				en,
				Base,
			);
			mainGroup = ACF282D62A2F890D008342D8;
			productRefGroup = ACF282E02A2F890E008342D8 /* Products */;
			projectDirPath = "";
			projectRoot = "";
			targets = (
				ACF282DE2A2F890E008342D8 /* Cryptocurrency */,
			);
		};
/* End PBXProject section */

/* Begin PBXResourcesBuildPhase section */
		ACF282DD2A2F890E008342D8 /* Resources */ = {
			isa = PBXResourcesBuildPhase;
			buildActionMask = 2147483647;
			files = (
				ACF282EA2A2F890F008342D8 /* Preview Assets.xcassets in Resources */,
				ACF282E72A2F890F008342D8 /* Assets.xcassets in Resources */,
			);
			runOnlyForDeploymentPostprocessing = 0;
		};
/* End PBXResourcesBuildPhase section */

/* Begin PBXSourcesBuildPhase section */
		ACF282DB2A2F890E008342D8 /* Sources */ = {
			isa = PBXSourcesBuildPhase;
			buildActionMask = 2147483647;
			files = (
				AC3B8AB22A3231AC008D6B2B /* CoinImageViewModel.swift in Sources */,
				AC1F0CD02A34DE4E00E41CEE /* CoinLogoView.swift in Sources */,
				ACD47C182A409DE300B9DAC3 /* Date+EXT.swift in Sources */,
				AC3B8AC62A327CFD008D6B2B /* MarketDataService.swift in Sources */,
				AC3B8ABF2A3276F9008D6B2B /* StatisticView.swift in Sources */,
				AC3B8AAC2A32312B008D6B2B /* ImageDataService.swift in Sources */,
				AC3B8AAA2A322C10008D6B2B /* NetworkManager.swift in Sources */,
				ACF282F82A2F89C7008342D8 /* HomeView.swift in Sources */,
				ACF283022A2FB5AE008342D8 /* Color+EXT.swift in Sources */,
				AC1F0CCD2A34D7AB00E41CEE /* PortfolioView.swift in Sources */,
				AC3B8ABD2A3276A1008D6B2B /* Statistic.swift in Sources */,
				ACF282E32A2F890E008342D8 /* CryptocurrencyApp.swift in Sources */,
				AC3B8AAE2A323159008D6B2B /* CoinImageView.swift in Sources */,
				AC3118522A3F7DF300B7903B /* CoinDetail.swift in Sources */,
				AC3B8AB62A3237DC008D6B2B /* LocalFileManager.swift in Sources */,
				AC3118502A3F5F0E00B7903B /* DetailViewModel.swift in Sources */,
				ACF283132A2FC99A008342D8 /* HomeViewModel.swift in Sources */,
				ACF283062A2FB8BF008342D8 /* CircleButtonView.swift in Sources */,
				AC31184E2A3F5F0600B7903B /* DetailView.swift in Sources */,
				AC3118472A3F3CA500B7903B /* Portfolio.xcdatamodeld in Sources */,
				ACF283082A2FBC03008342D8 /* CircleButtonAnimationView.swift in Sources */,
				ACF2830F2A2FBF1C008342D8 /* PreviewProvider+EXT.swift in Sources */,
				AC3118492A3F3CC500B7903B /* PortfolioDataService.swift in Sources */,
				AC3118442A3F2AC700B7903B /* PortfolioViewModel.swift in Sources */,
				AC3B8ABB2A3254B3008D6B2B /* UIApplication+EXT.swift in Sources */,
				AC3B8AC42A327C80008D6B2B /* MarketData.swift in Sources */,
				ACF2830D2A2FBECD008342D8 /* CoinRowView.swift in Sources */,
				ACF283112A2FC1CF008342D8 /* Double+EXT.swift in Sources */,
				ACD47C162A4095C300B9DAC3 /* ChartView.swift in Sources */,
				ACF2830B2A2FBDD4008342D8 /* Coin.swift in Sources */,
				AC3B8AC22A3279D4008D6B2B /* HomeStatisticView.swift in Sources */,
				AC3118562A3F7EAD00B7903B /* CoinDetailDataService.swift in Sources */,
				AC3B8AB92A325067008D6B2B /* SearchBarView.swift in Sources */,
				AC3118542A3F7E2200B7903B /* String+EXT.swift in Sources */,
				ACF283162A2FD402008342D8 /* CoinDataService.swift in Sources */,
			);
			runOnlyForDeploymentPostprocessing = 0;
		};
/* End PBXSourcesBuildPhase section */

/* Begin XCBuildConfiguration section */
		ACF282EB2A2F890F008342D8 /* Debug */ = {
			isa = XCBuildConfiguration;
			buildSettings = {
				ALWAYS_SEARCH_USER_PATHS = NO;
				CLANG_ANALYZER_NONNULL = YES;
				CLANG_ANALYZER_NUMBER_OBJECT_CONVERSION = YES_AGGRESSIVE;
				CLANG_CXX_LANGUAGE_STANDARD = "gnu++20";
				CLANG_ENABLE_MODULES = YES;
				CLANG_ENABLE_OBJC_ARC = YES;
				CLANG_ENABLE_OBJC_WEAK = YES;
				CLANG_WARN_BLOCK_CAPTURE_AUTORELEASING = YES;
				CLANG_WARN_BOOL_CONVERSION = YES;
				CLANG_WARN_COMMA = YES;
				CLANG_WARN_CONSTANT_CONVERSION = YES;
				CLANG_WARN_DEPRECATED_OBJC_IMPLEMENTATIONS = YES;
				CLANG_WARN_DIRECT_OBJC_ISA_USAGE = YES_ERROR;
				CLANG_WARN_DOCUMENTATION_COMMENTS = YES;
				CLANG_WARN_EMPTY_BODY = YES;
				CLANG_WARN_ENUM_CONVERSION = YES;
				CLANG_WARN_INFINITE_RECURSION = YES;
				CLANG_WARN_INT_CONVERSION = YES;
				CLANG_WARN_NON_LITERAL_NULL_CONVERSION = YES;
				CLANG_WARN_OBJC_IMPLICIT_RETAIN_SELF = YES;
				CLANG_WARN_OBJC_LITERAL_CONVERSION = YES;
				CLANG_WARN_OBJC_ROOT_CLASS = YES_ERROR;
				CLANG_WARN_QUOTED_INCLUDE_IN_FRAMEWORK_HEADER = YES;
				CLANG_WARN_RANGE_LOOP_ANALYSIS = YES;
				CLANG_WARN_STRICT_PROTOTYPES = YES;
				CLANG_WARN_SUSPICIOUS_MOVE = YES;
				CLANG_WARN_UNGUARDED_AVAILABILITY = YES_AGGRESSIVE;
				CLANG_WARN_UNREACHABLE_CODE = YES;
				CLANG_WARN__DUPLICATE_METHOD_MATCH = YES;
				COPY_PHASE_STRIP = NO;
				DEBUG_INFORMATION_FORMAT = dwarf;
				ENABLE_STRICT_OBJC_MSGSEND = YES;
				ENABLE_TESTABILITY = YES;
				GCC_C_LANGUAGE_STANDARD = gnu11;
				GCC_DYNAMIC_NO_PIC = NO;
				GCC_NO_COMMON_BLOCKS = YES;
				GCC_OPTIMIZATION_LEVEL = 0;
				GCC_PREPROCESSOR_DEFINITIONS = (
					"DEBUG=1",
					"$(inherited)",
				);
				GCC_WARN_64_TO_32_BIT_CONVERSION = YES;
				GCC_WARN_ABOUT_RETURN_TYPE = YES_ERROR;
				GCC_WARN_UNDECLARED_SELECTOR = YES;
				GCC_WARN_UNINITIALIZED_AUTOS = YES_AGGRESSIVE;
				GCC_WARN_UNUSED_FUNCTION = YES;
				GCC_WARN_UNUSED_VARIABLE = YES;
				IPHONEOS_DEPLOYMENT_TARGET = 14.0;
				MTL_ENABLE_DEBUG_INFO = INCLUDE_SOURCE;
				MTL_FAST_MATH = YES;
				ONLY_ACTIVE_ARCH = YES;
				SDKROOT = iphoneos;
				SWIFT_ACTIVE_COMPILATION_CONDITIONS = DEBUG;
				SWIFT_OPTIMIZATION_LEVEL = "-Onone";
			};
			name = Debug;
		};
		ACF282EC2A2F890F008342D8 /* Release */ = {
			isa = XCBuildConfiguration;
			buildSettings = {
				ALWAYS_SEARCH_USER_PATHS = NO;
				CLANG_ANALYZER_NONNULL = YES;
				CLANG_ANALYZER_NUMBER_OBJECT_CONVERSION = YES_AGGRESSIVE;
				CLANG_CXX_LANGUAGE_STANDARD = "gnu++20";
				CLANG_ENABLE_MODULES = YES;
				CLANG_ENABLE_OBJC_ARC = YES;
				CLANG_ENABLE_OBJC_WEAK = YES;
				CLANG_WARN_BLOCK_CAPTURE_AUTORELEASING = YES;
				CLANG_WARN_BOOL_CONVERSION = YES;
				CLANG_WARN_COMMA = YES;
				CLANG_WARN_CONSTANT_CONVERSION = YES;
				CLANG_WARN_DEPRECATED_OBJC_IMPLEMENTATIONS = YES;
				CLANG_WARN_DIRECT_OBJC_ISA_USAGE = YES_ERROR;
				CLANG_WARN_DOCUMENTATION_COMMENTS = YES;
				CLANG_WARN_EMPTY_BODY = YES;
				CLANG_WARN_ENUM_CONVERSION = YES;
				CLANG_WARN_INFINITE_RECURSION = YES;
				CLANG_WARN_INT_CONVERSION = YES;
				CLANG_WARN_NON_LITERAL_NULL_CONVERSION = YES;
				CLANG_WARN_OBJC_IMPLICIT_RETAIN_SELF = YES;
				CLANG_WARN_OBJC_LITERAL_CONVERSION = YES;
				CLANG_WARN_OBJC_ROOT_CLASS = YES_ERROR;
				CLANG_WARN_QUOTED_INCLUDE_IN_FRAMEWORK_HEADER = YES;
				CLANG_WARN_RANGE_LOOP_ANALYSIS = YES;
				CLANG_WARN_STRICT_PROTOTYPES = YES;
				CLANG_WARN_SUSPICIOUS_MOVE = YES;
				CLANG_WARN_UNGUARDED_AVAILABILITY = YES_AGGRESSIVE;
				CLANG_WARN_UNREACHABLE_CODE = YES;
				CLANG_WARN__DUPLICATE_METHOD_MATCH = YES;
				COPY_PHASE_STRIP = NO;
				DEBUG_INFORMATION_FORMAT = "dwarf-with-dsym";
				ENABLE_NS_ASSERTIONS = NO;
				ENABLE_STRICT_OBJC_MSGSEND = YES;
				GCC_C_LANGUAGE_STANDARD = gnu11;
				GCC_NO_COMMON_BLOCKS = YES;
				GCC_WARN_64_TO_32_BIT_CONVERSION = YES;
				GCC_WARN_ABOUT_RETURN_TYPE = YES_ERROR;
				GCC_WARN_UNDECLARED_SELECTOR = YES;
				GCC_WARN_UNINITIALIZED_AUTOS = YES_AGGRESSIVE;
				GCC_WARN_UNUSED_FUNCTION = YES;
				GCC_WARN_UNUSED_VARIABLE = YES;
				IPHONEOS_DEPLOYMENT_TARGET = 14.0;
				MTL_ENABLE_DEBUG_INFO = NO;
				MTL_FAST_MATH = YES;
				SDKROOT = iphoneos;
				SWIFT_COMPILATION_MODE = wholemodule;
				SWIFT_OPTIMIZATION_LEVEL = "-O";
				VALIDATE_PRODUCT = YES;
			};
			name = Release;
		};
		ACF282EE2A2F890F008342D8 /* Debug */ = {
			isa = XCBuildConfiguration;
			buildSettings = {
				ASSETCATALOG_COMPILER_APPICON_NAME = AppIcon;
				ASSETCATALOG_COMPILER_GLOBAL_ACCENT_COLOR_NAME = AccentColor;
				CODE_SIGN_STYLE = Automatic;
				CURRENT_PROJECT_VERSION = 1;
				DEVELOPMENT_ASSET_PATHS = "\"Cryptocurrency/Preview Content\"";
				DEVELOPMENT_TEAM = M4SYRBQBFW;
				ENABLE_PREVIEWS = YES;
				GENERATE_INFOPLIST_FILE = YES;
				INFOPLIST_KEY_UIApplicationSceneManifest_Generation = YES;
				INFOPLIST_KEY_UIApplicationSupportsIndirectInputEvents = YES;
				INFOPLIST_KEY_UILaunchScreen_Generation = YES;
				INFOPLIST_KEY_UISupportedInterfaceOrientations = "UIInterfaceOrientationLandscapeLeft UIInterfaceOrientationLandscapeRight UIInterfaceOrientationPortrait";
				INFOPLIST_KEY_UISupportedInterfaceOrientations_iPad = "UIInterfaceOrientationLandscapeLeft UIInterfaceOrientationLandscapeRight UIInterfaceOrientationPortrait UIInterfaceOrientationPortraitUpsideDown";
				IPHONEOS_DEPLOYMENT_TARGET = 14.0;
				LD_RUNPATH_SEARCH_PATHS = (
					"$(inherited)",
					"@executable_path/Frameworks",
				);
				MARKETING_VERSION = 1.0;
				PRODUCT_BUNDLE_IDENTIFIER = com.AhmedAmin.Cryptocurrency;
				PRODUCT_NAME = "$(TARGET_NAME)";
				SUPPORTED_PLATFORMS = "iphoneos iphonesimulator";
				SUPPORTS_MACCATALYST = NO;
				SUPPORTS_MAC_DESIGNED_FOR_IPHONE_IPAD = NO;
				SWIFT_EMIT_LOC_STRINGS = YES;
				SWIFT_VERSION = 5.0;
				TARGETED_DEVICE_FAMILY = 1;
			};
			name = Debug;
		};
		ACF282EF2A2F890F008342D8 /* Release */ = {
			isa = XCBuildConfiguration;
			buildSettings = {
				ASSETCATALOG_COMPILER_APPICON_NAME = AppIcon;
				ASSETCATALOG_COMPILER_GLOBAL_ACCENT_COLOR_NAME = AccentColor;
				CODE_SIGN_STYLE = Automatic;
				CURRENT_PROJECT_VERSION = 1;
				DEVELOPMENT_ASSET_PATHS = "\"Cryptocurrency/Preview Content\"";
				DEVELOPMENT_TEAM = M4SYRBQBFW;
				ENABLE_PREVIEWS = YES;
				GENERATE_INFOPLIST_FILE = YES;
				INFOPLIST_KEY_UIApplicationSceneManifest_Generation = YES;
				INFOPLIST_KEY_UIApplicationSupportsIndirectInputEvents = YES;
				INFOPLIST_KEY_UILaunchScreen_Generation = YES;
				INFOPLIST_KEY_UISupportedInterfaceOrientations = "UIInterfaceOrientationLandscapeLeft UIInterfaceOrientationLandscapeRight UIInterfaceOrientationPortrait";
				INFOPLIST_KEY_UISupportedInterfaceOrientations_iPad = "UIInterfaceOrientationLandscapeLeft UIInterfaceOrientationLandscapeRight UIInterfaceOrientationPortrait UIInterfaceOrientationPortraitUpsideDown";
				IPHONEOS_DEPLOYMENT_TARGET = 14.0;
				LD_RUNPATH_SEARCH_PATHS = (
					"$(inherited)",
					"@executable_path/Frameworks",
				);
				MARKETING_VERSION = 1.0;
				PRODUCT_BUNDLE_IDENTIFIER = com.AhmedAmin.Cryptocurrency;
				PRODUCT_NAME = "$(TARGET_NAME)";
				SUPPORTED_PLATFORMS = "iphoneos iphonesimulator";
				SUPPORTS_MACCATALYST = NO;
				SUPPORTS_MAC_DESIGNED_FOR_IPHONE_IPAD = NO;
				SWIFT_EMIT_LOC_STRINGS = YES;
				SWIFT_VERSION = 5.0;
				TARGETED_DEVICE_FAMILY = 1;
			};
			name = Release;
		};
/* End XCBuildConfiguration section */

/* Begin XCConfigurationList section */
		ACF282DA2A2F890D008342D8 /* Build configuration list for PBXProject "Cryptocurrency" */ = {
			isa = XCConfigurationList;
			buildConfigurations = (
				ACF282EB2A2F890F008342D8 /* Debug */,
				ACF282EC2A2F890F008342D8 /* Release */,
			);
			defaultConfigurationIsVisible = 0;
			defaultConfigurationName = Release;
		};
		ACF282ED2A2F890F008342D8 /* Build configuration list for PBXNativeTarget "Cryptocurrency" */ = {
			isa = XCConfigurationList;
			buildConfigurations = (
				ACF282EE2A2F890F008342D8 /* Debug */,
				ACF282EF2A2F890F008342D8 /* Release */,
			);
			defaultConfigurationIsVisible = 0;
			defaultConfigurationName = Release;
		};
/* End XCConfigurationList section */

/* Begin XCVersionGroup section */
		AC3118452A3F3CA500B7903B /* Portfolio.xcdatamodeld */ = {
			isa = XCVersionGroup;
			children = (
				AC3118462A3F3CA500B7903B /* Portfolio.xcdatamodel */,
			);
			currentVersion = AC3118462A3F3CA500B7903B /* Portfolio.xcdatamodel */;
			path = Portfolio.xcdatamodeld;
			sourceTree = "<group>";
			versionGroupType = wrapper.xcdatamodel;
		};
/* End XCVersionGroup section */
	};
	rootObject = ACF282D72A2F890D008342D8 /* Project object */;
}
