// !$*UTF8*$!
{
	archiveVersion = 1;
	classes = {
	};
	objectVersion = 55;
	objects = {

/* Begin PBXBuildFile section */
		AC47FF6D2963570E00A49920 /* CoinImageView.swift in Sources */ = {isa = PBXBuildFile; fileRef = AC47FF6C2963570E00A49920 /* CoinImageView.swift */; };
		AC47FF6F2963571A00A49920 /* CoinImageViewModel.swift in Sources */ = {isa = PBXBuildFile; fileRef = AC47FF6E2963571A00A49920 /* CoinImageViewModel.swift */; };
		AC47FF712963576900A49920 /* ImageDataService.swift in Sources */ = {isa = PBXBuildFile; fileRef = AC47FF702963576900A49920 /* ImageDataService.swift */; };
		AC47FF73296360B300A49920 /* LocalFileManager.swift in Sources */ = {isa = PBXBuildFile; fileRef = AC47FF72296360B300A49920 /* LocalFileManager.swift */; };
		AC57001C2963711700FAEE8F /* SearchBarView.swift in Sources */ = {isa = PBXBuildFile; fileRef = AC57001B2963711700FAEE8F /* SearchBarView.swift */; };
		AC57001E296376EB00FAEE8F /* UIApplication+EXT.swift in Sources */ = {isa = PBXBuildFile; fileRef = AC57001D296376EB00FAEE8F /* UIApplication+EXT.swift */; };
		ACAA03EE2953AF6A0021DFD7 /* CoinRowView.swift in Sources */ = {isa = PBXBuildFile; fileRef = ACAA03ED2953AF6A0021DFD7 /* CoinRowView.swift */; };
		ACAA03F02953B00E0021DFD7 /* PreviewProvider+EXT.swift in Sources */ = {isa = PBXBuildFile; fileRef = ACAA03EF2953B00E0021DFD7 /* PreviewProvider+EXT.swift */; };
		ACAED14F29A2EF6700FDDA0D /* PortfolioContainer.xcdatamodeld in Sources */ = {isa = PBXBuildFile; fileRef = ACAED14D29A2EF6700FDDA0D /* PortfolioContainer.xcdatamodeld */; };
		ACAED15129A2EFB000FDDA0D /* PortfolioDataservice.swift in Sources */ = {isa = PBXBuildFile; fileRef = ACAED15029A2EFB000FDDA0D /* PortfolioDataservice.swift */; };
		ACBB5D4A2964B149002FB59E /* Statistic.swift in Sources */ = {isa = PBXBuildFile; fileRef = ACBB5D492964B149002FB59E /* Statistic.swift */; };
		ACBB5D4D2964B1ED002FB59E /* StatisticView.swift in Sources */ = {isa = PBXBuildFile; fileRef = ACBB5D4C2964B1ED002FB59E /* StatisticView.swift */; };
		ACBB5D4F2964B506002FB59E /* HomeStatisticsView.swift in Sources */ = {isa = PBXBuildFile; fileRef = ACBB5D4E2964B506002FB59E /* HomeStatisticsView.swift */; };
		ACBB5D512964C300002FB59E /* MarketData.swift in Sources */ = {isa = PBXBuildFile; fileRef = ACBB5D502964C2FF002FB59E /* MarketData.swift */; };
		ACBB5D532964C4BD002FB59E /* MarketDataService.swift in Sources */ = {isa = PBXBuildFile; fileRef = ACBB5D522964C4BD002FB59E /* MarketDataService.swift */; };
		ACBB5D552964D1F6002FB59E /* PortfolioView.swift in Sources */ = {isa = PBXBuildFile; fileRef = ACBB5D542964D1F6002FB59E /* PortfolioView.swift */; };
		ACBB5D5A2964D652002FB59E /* CoinLogoView.swift in Sources */ = {isa = PBXBuildFile; fileRef = ACBB5D592964D652002FB59E /* CoinLogoView.swift */; };
		ACCBBE2A2958A061003BA86D /* Double+EXT.swift in Sources */ = {isa = PBXBuildFile; fileRef = ACCBBE292958A061003BA86D /* Double+EXT.swift */; };
		ACCBBE2E2958ABE6003BA86D /* HomeViewModel.swift in Sources */ = {isa = PBXBuildFile; fileRef = ACCBBE2D2958ABE6003BA86D /* HomeViewModel.swift */; };
		ACCBBE53295A0B4A003BA86D /* CoinDataService.swift in Sources */ = {isa = PBXBuildFile; fileRef = ACCBBE52295A0B4A003BA86D /* CoinDataService.swift */; };
		ACCBBE56295A31F4003BA86D /* NetworkManager.swift in Sources */ = {isa = PBXBuildFile; fileRef = ACCBBE55295A31F4003BA86D /* NetworkManager.swift */; };
		ACF9FDE629523EE8002F20EB /* CryptocurrencyApp.swift in Sources */ = {isa = PBXBuildFile; fileRef = ACF9FDE529523EE8002F20EB /* CryptocurrencyApp.swift */; };
		ACF9FDE829523EE8002F20EB /* ContentView.swift in Sources */ = {isa = PBXBuildFile; fileRef = ACF9FDE729523EE8002F20EB /* ContentView.swift */; };
		ACF9FDED29523EE9002F20EB /* Preview Assets.xcassets in Resources */ = {isa = PBXBuildFile; fileRef = ACF9FDEC29523EE9002F20EB /* Preview Assets.xcassets */; };
		ACF9FDF429524AC5002F20EB /* Assets.xcassets in Resources */ = {isa = PBXBuildFile; fileRef = ACF9FDF329524AC5002F20EB /* Assets.xcassets */; };
		ACF9FDF729524C15002F20EB /* Color+EXT.swift in Sources */ = {isa = PBXBuildFile; fileRef = ACF9FDF629524C15002F20EB /* Color+EXT.swift */; };
		ACF9FDFD29524F10002F20EB /* HomeView.swift in Sources */ = {isa = PBXBuildFile; fileRef = ACF9FDFC29524F10002F20EB /* HomeView.swift */; };
		ACF9FE0129524FBF002F20EB /* CircleButtonView.swift in Sources */ = {isa = PBXBuildFile; fileRef = ACF9FE0029524FBF002F20EB /* CircleButtonView.swift */; };
		ACF9FE0329526136002F20EB /* CircleButtonAnimationView.swift in Sources */ = {isa = PBXBuildFile; fileRef = ACF9FE0229526136002F20EB /* CircleButtonAnimationView.swift */; };
		ACF9FE082952640D002F20EB /* Coin.swift in Sources */ = {isa = PBXBuildFile; fileRef = ACF9FE072952640D002F20EB /* Coin.swift */; };
/* End PBXBuildFile section */

/* Begin PBXFileReference section */
		AC47FF6C2963570E00A49920 /* CoinImageView.swift */ = {isa = PBXFileReference; lastKnownFileType = sourcecode.swift; path = CoinImageView.swift; sourceTree = "<group>"; };
		AC47FF6E2963571A00A49920 /* CoinImageViewModel.swift */ = {isa = PBXFileReference; lastKnownFileType = sourcecode.swift; path = CoinImageViewModel.swift; sourceTree = "<group>"; };
		AC47FF702963576900A49920 /* ImageDataService.swift */ = {isa = PBXFileReference; lastKnownFileType = sourcecode.swift; path = ImageDataService.swift; sourceTree = "<group>"; };
		AC47FF72296360B300A49920 /* LocalFileManager.swift */ = {isa = PBXFileReference; lastKnownFileType = sourcecode.swift; path = LocalFileManager.swift; sourceTree = "<group>"; };
		AC57001B2963711700FAEE8F /* SearchBarView.swift */ = {isa = PBXFileReference; lastKnownFileType = sourcecode.swift; path = SearchBarView.swift; sourceTree = "<group>"; };
		AC57001D296376EB00FAEE8F /* UIApplication+EXT.swift */ = {isa = PBXFileReference; lastKnownFileType = sourcecode.swift; path = "UIApplication+EXT.swift"; sourceTree = "<group>"; };
		ACAA03ED2953AF6A0021DFD7 /* CoinRowView.swift */ = {isa = PBXFileReference; lastKnownFileType = sourcecode.swift; path = CoinRowView.swift; sourceTree = "<group>"; };
		ACAA03EF2953B00E0021DFD7 /* PreviewProvider+EXT.swift */ = {isa = PBXFileReference; lastKnownFileType = sourcecode.swift; path = "PreviewProvider+EXT.swift"; sourceTree = "<group>"; };
		ACAED14E29A2EF6700FDDA0D /* PortfolioContainer.xcdatamodel */ = {isa = PBXFileReference; lastKnownFileType = wrapper.xcdatamodel; path = PortfolioContainer.xcdatamodel; sourceTree = "<group>"; };
		ACAED15029A2EFB000FDDA0D /* PortfolioDataservice.swift */ = {isa = PBXFileReference; lastKnownFileType = sourcecode.swift; path = PortfolioDataservice.swift; sourceTree = "<group>"; };
		ACBB5D492964B149002FB59E /* Statistic.swift */ = {isa = PBXFileReference; lastKnownFileType = sourcecode.swift; path = Statistic.swift; sourceTree = "<group>"; };
		ACBB5D4C2964B1ED002FB59E /* StatisticView.swift */ = {isa = PBXFileReference; lastKnownFileType = sourcecode.swift; path = StatisticView.swift; sourceTree = "<group>"; };
		ACBB5D4E2964B506002FB59E /* HomeStatisticsView.swift */ = {isa = PBXFileReference; lastKnownFileType = sourcecode.swift; path = HomeStatisticsView.swift; sourceTree = "<group>"; };
		ACBB5D502964C2FF002FB59E /* MarketData.swift */ = {isa = PBXFileReference; lastKnownFileType = sourcecode.swift; path = MarketData.swift; sourceTree = "<group>"; };
		ACBB5D522964C4BD002FB59E /* MarketDataService.swift */ = {isa = PBXFileReference; lastKnownFileType = sourcecode.swift; path = MarketDataService.swift; sourceTree = "<group>"; };
		ACBB5D542964D1F6002FB59E /* PortfolioView.swift */ = {isa = PBXFileReference; lastKnownFileType = sourcecode.swift; path = PortfolioView.swift; sourceTree = "<group>"; };
		ACBB5D592964D652002FB59E /* CoinLogoView.swift */ = {isa = PBXFileReference; lastKnownFileType = sourcecode.swift; path = CoinLogoView.swift; sourceTree = "<group>"; };
		ACCBBE292958A061003BA86D /* Double+EXT.swift */ = {isa = PBXFileReference; lastKnownFileType = sourcecode.swift; path = "Double+EXT.swift"; sourceTree = "<group>"; };
		ACCBBE2D2958ABE6003BA86D /* HomeViewModel.swift */ = {isa = PBXFileReference; lastKnownFileType = sourcecode.swift; path = HomeViewModel.swift; sourceTree = "<group>"; };
		ACCBBE52295A0B4A003BA86D /* CoinDataService.swift */ = {isa = PBXFileReference; lastKnownFileType = sourcecode.swift; path = CoinDataService.swift; sourceTree = "<group>"; };
		ACCBBE55295A31F4003BA86D /* NetworkManager.swift */ = {isa = PBXFileReference; lastKnownFileType = sourcecode.swift; path = NetworkManager.swift; sourceTree = "<group>"; };
		ACF9FDE229523EE8002F20EB /* Cryptocurrency.app */ = {isa = PBXFileReference; explicitFileType = wrapper.application; includeInIndex = 0; path = Cryptocurrency.app; sourceTree = BUILT_PRODUCTS_DIR; };
		ACF9FDE529523EE8002F20EB /* CryptocurrencyApp.swift */ = {isa = PBXFileReference; lastKnownFileType = sourcecode.swift; path = CryptocurrencyApp.swift; sourceTree = "<group>"; };
		ACF9FDE729523EE8002F20EB /* ContentView.swift */ = {isa = PBXFileReference; lastKnownFileType = sourcecode.swift; path = ContentView.swift; sourceTree = "<group>"; };
		ACF9FDEC29523EE9002F20EB /* Preview Assets.xcassets */ = {isa = PBXFileReference; lastKnownFileType = folder.assetcatalog; path = "Preview Assets.xcassets"; sourceTree = "<group>"; };
		ACF9FDF329524AC5002F20EB /* Assets.xcassets */ = {isa = PBXFileReference; lastKnownFileType = folder.assetcatalog; path = Assets.xcassets; sourceTree = "<group>"; };
		ACF9FDF629524C15002F20EB /* Color+EXT.swift */ = {isa = PBXFileReference; lastKnownFileType = sourcecode.swift; path = "Color+EXT.swift"; sourceTree = "<group>"; };
		ACF9FDFC29524F10002F20EB /* HomeView.swift */ = {isa = PBXFileReference; lastKnownFileType = sourcecode.swift; path = HomeView.swift; sourceTree = "<group>"; };
		ACF9FE0029524FBF002F20EB /* CircleButtonView.swift */ = {isa = PBXFileReference; lastKnownFileType = sourcecode.swift; path = CircleButtonView.swift; sourceTree = "<group>"; };
		ACF9FE0229526136002F20EB /* CircleButtonAnimationView.swift */ = {isa = PBXFileReference; lastKnownFileType = sourcecode.swift; path = CircleButtonAnimationView.swift; sourceTree = "<group>"; };
		ACF9FE072952640D002F20EB /* Coin.swift */ = {isa = PBXFileReference; lastKnownFileType = sourcecode.swift; path = Coin.swift; sourceTree = "<group>"; };
/* End PBXFileReference section */

/* Begin PBXFrameworksBuildPhase section */
		ACF9FDDF29523EE8002F20EB /* Frameworks */ = {
			isa = PBXFrameworksBuildPhase;
			buildActionMask = 2147483647;
			files = (
			);
			runOnlyForDeploymentPostprocessing = 0;
		};
/* End PBXFrameworksBuildPhase section */

/* Begin PBXGroup section */
		AC47FF6B296356E400A49920 /* CoinImage */ = {
			isa = PBXGroup;
			children = (
				AC47FF6C2963570E00A49920 /* CoinImageView.swift */,
				AC47FF6E2963571A00A49920 /* CoinImageViewModel.swift */,
				ACBB5D592964D652002FB59E /* CoinLogoView.swift */,
			);
			path = CoinImage;
			sourceTree = "<group>";
		};
		AC57001A2963710600FAEE8F /* SearchBar */ = {
			isa = PBXGroup;
			children = (
				AC57001B2963711700FAEE8F /* SearchBarView.swift */,
			);
			path = SearchBar;
			sourceTree = "<group>";
		};
		ACBB5D4B2964B1DB002FB59E /* StatisticView */ = {
			isa = PBXGroup;
			children = (
				ACBB5D4C2964B1ED002FB59E /* StatisticView.swift */,
			);
			path = StatisticView;
			sourceTree = "<group>";
		};
		ACCBBE2F2958B962003BA86D /* Services */ = {
			isa = PBXGroup;
			children = (
				ACCBBE52295A0B4A003BA86D /* CoinDataService.swift */,
				AC47FF702963576900A49920 /* ImageDataService.swift */,
				ACBB5D522964C4BD002FB59E /* MarketDataService.swift */,
				ACAED15029A2EFB000FDDA0D /* PortfolioDataservice.swift */,
			);
			path = Services;
			sourceTree = "<group>";
		};
		ACCBBE54295A30F3003BA86D /* Utilities */ = {
			isa = PBXGroup;
			children = (
				ACCBBE55295A31F4003BA86D /* NetworkManager.swift */,
				AC47FF72296360B300A49920 /* LocalFileManager.swift */,
			);
			path = Utilities;
			sourceTree = "<group>";
		};
		ACF9FDD929523EE8002F20EB = {
			isa = PBXGroup;
			children = (
				ACF9FDE429523EE8002F20EB /* Cryptocurrency */,
				ACF9FDE329523EE8002F20EB /* Products */,
			);
			sourceTree = "<group>";
		};
		ACF9FDE329523EE8002F20EB /* Products */ = {
			isa = PBXGroup;
			children = (
				ACF9FDE229523EE8002F20EB /* Cryptocurrency.app */,
			);
			name = Products;
			sourceTree = "<group>";
		};
		ACF9FDE429523EE8002F20EB /* Cryptocurrency */ = {
			isa = PBXGroup;
			children = (
				ACF9FDE529523EE8002F20EB /* CryptocurrencyApp.swift */,
				ACCBBE54295A30F3003BA86D /* Utilities */,
				ACF9FDF529524C03002F20EB /* Extensions */,
				ACCBBE2F2958B962003BA86D /* Services */,
				ACF9FDFE29524FA9002F20EB /* Components */,
				ACF9FE06295263EE002F20EB /* Models */,
				ACF9FDF829524EF2002F20EB /* Modules */,
				ACF9FDE729523EE8002F20EB /* ContentView.swift */,
				ACF9FDF329524AC5002F20EB /* Assets.xcassets */,
				ACF9FDEB29523EE9002F20EB /* Preview Content */,
			);
			path = Cryptocurrency;
			sourceTree = "<group>";
		};
		ACF9FDEB29523EE9002F20EB /* Preview Content */ = {
			isa = PBXGroup;
			children = (
				ACF9FDEC29523EE9002F20EB /* Preview Assets.xcassets */,
			);
			path = "Preview Content";
			sourceTree = "<group>";
		};
		ACF9FDF529524C03002F20EB /* Extensions */ = {
			isa = PBXGroup;
			children = (
				ACF9FDF629524C15002F20EB /* Color+EXT.swift */,
				ACAA03EF2953B00E0021DFD7 /* PreviewProvider+EXT.swift */,
				ACCBBE292958A061003BA86D /* Double+EXT.swift */,
				AC57001D296376EB00FAEE8F /* UIApplication+EXT.swift */,
			);
			path = Extensions;
			sourceTree = "<group>";
		};
		ACF9FDF829524EF2002F20EB /* Modules */ = {
			isa = PBXGroup;
			children = (
				ACF9FDF929524EF9002F20EB /* Home */,
			);
			path = Modules;
			sourceTree = "<group>";
		};
		ACF9FDF929524EF9002F20EB /* Home */ = {
			isa = PBXGroup;
			children = (
				ACF9FDFB29524F01002F20EB /* ViewModels */,
				ACF9FDFA29524EFE002F20EB /* Views */,
			);
			path = Home;
			sourceTree = "<group>";
		};
		ACF9FDFA29524EFE002F20EB /* Views */ = {
			isa = PBXGroup;
			children = (
				ACF9FDFC29524F10002F20EB /* HomeView.swift */,
				ACAA03ED2953AF6A0021DFD7 /* CoinRowView.swift */,
				ACBB5D4E2964B506002FB59E /* HomeStatisticsView.swift */,
				ACBB5D542964D1F6002FB59E /* PortfolioView.swift */,
			);
			path = Views;
			sourceTree = "<group>";
		};
		ACF9FDFB29524F01002F20EB /* ViewModels */ = {
			isa = PBXGroup;
			children = (
				ACCBBE2D2958ABE6003BA86D /* HomeViewModel.swift */,
			);
			path = ViewModels;
			sourceTree = "<group>";
		};
		ACF9FDFE29524FA9002F20EB /* Components */ = {
			isa = PBXGroup;
			children = (
				ACBB5D4B2964B1DB002FB59E /* StatisticView */,
				AC57001A2963710600FAEE8F /* SearchBar */,
				AC47FF6B296356E400A49920 /* CoinImage */,
				ACF9FDFF29524FB1002F20EB /* CircleButton */,
			);
			path = Components;
			sourceTree = "<group>";
		};
		ACF9FDFF29524FB1002F20EB /* CircleButton */ = {
			isa = PBXGroup;
			children = (
				ACF9FE0029524FBF002F20EB /* CircleButtonView.swift */,
				ACF9FE0229526136002F20EB /* CircleButtonAnimationView.swift */,
			);
			path = CircleButton;
			sourceTree = "<group>";
		};
		ACF9FE06295263EE002F20EB /* Models */ = {
			isa = PBXGroup;
			children = (
				ACF9FE072952640D002F20EB /* Coin.swift */,
				ACBB5D492964B149002FB59E /* Statistic.swift */,
				ACBB5D502964C2FF002FB59E /* MarketData.swift */,
				ACAED14D29A2EF6700FDDA0D /* PortfolioContainer.xcdatamodeld */,
			);
			path = Models;
			sourceTree = "<group>";
		};
/* End PBXGroup section */

/* Begin PBXNativeTarget section */
		ACF9FDE129523EE8002F20EB /* Cryptocurrency */ = {
			isa = PBXNativeTarget;
			buildConfigurationList = ACF9FDF029523EE9002F20EB /* Build configuration list for PBXNativeTarget "Cryptocurrency" */;
			buildPhases = (
				ACF9FDDE29523EE8002F20EB /* Sources */,
				ACF9FDDF29523EE8002F20EB /* Frameworks */,
				ACF9FDE029523EE8002F20EB /* Resources */,
			);
			buildRules = (
			);
			dependencies = (
			);
			name = Cryptocurrency;
			productName = Cryptocurrency;
			productReference = ACF9FDE229523EE8002F20EB /* Cryptocurrency.app */;
			productType = "com.apple.product-type.application";
		};
/* End PBXNativeTarget section */

/* Begin PBXProject section */
		ACF9FDDA29523EE8002F20EB /* Project object */ = {
			isa = PBXProject;
			attributes = {
				BuildIndependentTargetsInParallel = 1;
				LastSwiftUpdateCheck = 1410;
				LastUpgradeCheck = 1410;
				TargetAttributes = {
					ACF9FDE129523EE8002F20EB = {
						CreatedOnToolsVersion = 14.1;
					};
				};
			};
			buildConfigurationList = ACF9FDDD29523EE8002F20EB /* Build configuration list for PBXProject "Cryptocurrency" */;
			compatibilityVersion = "Xcode 13.0";
			developmentRegion = en;
			hasScannedForEncodings = 0;
			knownRegions = (
				en,
				Base,
			);
			mainGroup = ACF9FDD929523EE8002F20EB;
			productRefGroup = ACF9FDE329523EE8002F20EB /* Products */;
			projectDirPath = "";
			projectRoot = "";
			targets = (
				ACF9FDE129523EE8002F20EB /* Cryptocurrency */,
			);
		};
/* End PBXProject section */

/* Begin PBXResourcesBuildPhase section */
		ACF9FDE029523EE8002F20EB /* Resources */ = {
			isa = PBXResourcesBuildPhase;
			buildActionMask = 2147483647;
			files = (
				ACF9FDF429524AC5002F20EB /* Assets.xcassets in Resources */,
				ACF9FDED29523EE9002F20EB /* Preview Assets.xcassets in Resources */,
			);
			runOnlyForDeploymentPostprocessing = 0;
		};
/* End PBXResourcesBuildPhase section */

/* Begin PBXSourcesBuildPhase section */
		ACF9FDDE29523EE8002F20EB /* Sources */ = {
			isa = PBXSourcesBuildPhase;
			buildActionMask = 2147483647;
			files = (
				AC47FF6F2963571A00A49920 /* CoinImageViewModel.swift in Sources */,
				ACCBBE53295A0B4A003BA86D /* CoinDataService.swift in Sources */,
				ACCBBE2A2958A061003BA86D /* Double+EXT.swift in Sources */,
				ACBB5D512964C300002FB59E /* MarketData.swift in Sources */,
				ACAA03EE2953AF6A0021DFD7 /* CoinRowView.swift in Sources */,
				ACAED14F29A2EF6700FDDA0D /* PortfolioContainer.xcdatamodeld in Sources */,
				AC47FF73296360B300A49920 /* LocalFileManager.swift in Sources */,
				AC57001E296376EB00FAEE8F /* UIApplication+EXT.swift in Sources */,
				ACBB5D4F2964B506002FB59E /* HomeStatisticsView.swift in Sources */,
				ACCBBE56295A31F4003BA86D /* NetworkManager.swift in Sources */,
				ACBB5D4D2964B1ED002FB59E /* StatisticView.swift in Sources */,
				ACF9FDF729524C15002F20EB /* Color+EXT.swift in Sources */,
				AC47FF6D2963570E00A49920 /* CoinImageView.swift in Sources */,
				ACF9FDFD29524F10002F20EB /* HomeView.swift in Sources */,
				ACAA03F02953B00E0021DFD7 /* PreviewProvider+EXT.swift in Sources */,
				AC57001C2963711700FAEE8F /* SearchBarView.swift in Sources */,
				ACF9FDE829523EE8002F20EB /* ContentView.swift in Sources */,
				ACBB5D5A2964D652002FB59E /* CoinLogoView.swift in Sources */,
				ACAED15129A2EFB000FDDA0D /* PortfolioDataservice.swift in Sources */,
				ACF9FE0129524FBF002F20EB /* CircleButtonView.swift in Sources */,
				ACBB5D532964C4BD002FB59E /* MarketDataService.swift in Sources */,
				ACCBBE2E2958ABE6003BA86D /* HomeViewModel.swift in Sources */,
				ACF9FDE629523EE8002F20EB /* CryptocurrencyApp.swift in Sources */,
				ACF9FE0329526136002F20EB /* CircleButtonAnimationView.swift in Sources */,
				ACBB5D552964D1F6002FB59E /* PortfolioView.swift in Sources */,
				ACF9FE082952640D002F20EB /* Coin.swift in Sources */,
				ACBB5D4A2964B149002FB59E /* Statistic.swift in Sources */,
				AC47FF712963576900A49920 /* ImageDataService.swift in Sources */,
			);
			runOnlyForDeploymentPostprocessing = 0;
		};
/* End PBXSourcesBuildPhase section */

/* Begin XCBuildConfiguration section */
		ACF9FDEE29523EE9002F20EB /* Debug */ = {
			isa = XCBuildConfiguration;
			buildSettings = {
				ALWAYS_SEARCH_USER_PATHS = NO;
				CLANG_ANALYZER_NONNULL = YES;
				CLANG_ANALYZER_NUMBER_OBJECT_CONVERSION = YES_AGGRESSIVE;
				CLANG_CXX_LANGUAGE_STANDARD = "gnu++20";
				CLANG_ENABLE_MODULES = YES;
				CLANG_ENABLE_OBJC_ARC = YES;
				CLANG_ENABLE_OBJC_WEAK = YES;
				CLANG_WARN_BLOCK_CAPTURE_AUTORELEASING = YES;
				CLANG_WARN_BOOL_CONVERSION = YES;
				CLANG_WARN_COMMA = YES;
				CLANG_WARN_CONSTANT_CONVERSION = YES;
				CLANG_WARN_DEPRECATED_OBJC_IMPLEMENTATIONS = YES;
				CLANG_WARN_DIRECT_OBJC_ISA_USAGE = YES_ERROR;
				CLANG_WARN_DOCUMENTATION_COMMENTS = YES;
				CLANG_WARN_EMPTY_BODY = YES;
				CLANG_WARN_ENUM_CONVERSION = YES;
				CLANG_WARN_INFINITE_RECURSION = YES;
				CLANG_WARN_INT_CONVERSION = YES;
				CLANG_WARN_NON_LITERAL_NULL_CONVERSION = YES;
				CLANG_WARN_OBJC_IMPLICIT_RETAIN_SELF = YES;
				CLANG_WARN_OBJC_LITERAL_CONVERSION = YES;
				CLANG_WARN_OBJC_ROOT_CLASS = YES_ERROR;
				CLANG_WARN_QUOTED_INCLUDE_IN_FRAMEWORK_HEADER = YES;
				CLANG_WARN_RANGE_LOOP_ANALYSIS = YES;
				CLANG_WARN_STRICT_PROTOTYPES = YES;
				CLANG_WARN_SUSPICIOUS_MOVE = YES;
				CLANG_WARN_UNGUARDED_AVAILABILITY = YES_AGGRESSIVE;
				CLANG_WARN_UNREACHABLE_CODE = YES;
				CLANG_WARN__DUPLICATE_METHOD_MATCH = YES;
				COPY_PHASE_STRIP = NO;
				DEBUG_INFORMATION_FORMAT = dwarf;
				ENABLE_STRICT_OBJC_MSGSEND = YES;
				ENABLE_TESTABILITY = YES;
				GCC_C_LANGUAGE_STANDARD = gnu11;
				GCC_DYNAMIC_NO_PIC = NO;
				GCC_NO_COMMON_BLOCKS = YES;
				GCC_OPTIMIZATION_LEVEL = 0;
				GCC_PREPROCESSOR_DEFINITIONS = (
					"DEBUG=1",
					"$(inherited)",
				);
				GCC_WARN_64_TO_32_BIT_CONVERSION = YES;
				GCC_WARN_ABOUT_RETURN_TYPE = YES_ERROR;
				GCC_WARN_UNDECLARED_SELECTOR = YES;
				GCC_WARN_UNINITIALIZED_AUTOS = YES_AGGRESSIVE;
				GCC_WARN_UNUSED_FUNCTION = YES;
				GCC_WARN_UNUSED_VARIABLE = YES;
				IPHONEOS_DEPLOYMENT_TARGET = 14.0;
				MTL_ENABLE_DEBUG_INFO = INCLUDE_SOURCE;
				MTL_FAST_MATH = YES;
				ONLY_ACTIVE_ARCH = YES;
				SDKROOT = iphoneos;
				SWIFT_ACTIVE_COMPILATION_CONDITIONS = DEBUG;
				SWIFT_OPTIMIZATION_LEVEL = "-Onone";
			};
			name = Debug;
		};
		ACF9FDEF29523EE9002F20EB /* Release */ = {
			isa = XCBuildConfiguration;
			buildSettings = {
				ALWAYS_SEARCH_USER_PATHS = NO;
				CLANG_ANALYZER_NONNULL = YES;
				CLANG_ANALYZER_NUMBER_OBJECT_CONVERSION = YES_AGGRESSIVE;
				CLANG_CXX_LANGUAGE_STANDARD = "gnu++20";
				CLANG_ENABLE_MODULES = YES;
				CLANG_ENABLE_OBJC_ARC = YES;
				CLANG_ENABLE_OBJC_WEAK = YES;
				CLANG_WARN_BLOCK_CAPTURE_AUTORELEASING = YES;
				CLANG_WARN_BOOL_CONVERSION = YES;
				CLANG_WARN_COMMA = YES;
				CLANG_WARN_CONSTANT_CONVERSION = YES;
				CLANG_WARN_DEPRECATED_OBJC_IMPLEMENTATIONS = YES;
				CLANG_WARN_DIRECT_OBJC_ISA_USAGE = YES_ERROR;
				CLANG_WARN_DOCUMENTATION_COMMENTS = YES;
				CLANG_WARN_EMPTY_BODY = YES;
				CLANG_WARN_ENUM_CONVERSION = YES;
				CLANG_WARN_INFINITE_RECURSION = YES;
				CLANG_WARN_INT_CONVERSION = YES;
				CLANG_WARN_NON_LITERAL_NULL_CONVERSION = YES;
				CLANG_WARN_OBJC_IMPLICIT_RETAIN_SELF = YES;
				CLANG_WARN_OBJC_LITERAL_CONVERSION = YES;
				CLANG_WARN_OBJC_ROOT_CLASS = YES_ERROR;
				CLANG_WARN_QUOTED_INCLUDE_IN_FRAMEWORK_HEADER = YES;
				CLANG_WARN_RANGE_LOOP_ANALYSIS = YES;
				CLANG_WARN_STRICT_PROTOTYPES = YES;
				CLANG_WARN_SUSPICIOUS_MOVE = YES;
				CLANG_WARN_UNGUARDED_AVAILABILITY = YES_AGGRESSIVE;
				CLANG_WARN_UNREACHABLE_CODE = YES;
				CLANG_WARN__DUPLICATE_METHOD_MATCH = YES;
				COPY_PHASE_STRIP = NO;
				DEBUG_INFORMATION_FORMAT = "dwarf-with-dsym";
				ENABLE_NS_ASSERTIONS = NO;
				ENABLE_STRICT_OBJC_MSGSEND = YES;
				GCC_C_LANGUAGE_STANDARD = gnu11;
				GCC_NO_COMMON_BLOCKS = YES;
				GCC_WARN_64_TO_32_BIT_CONVERSION = YES;
				GCC_WARN_ABOUT_RETURN_TYPE = YES_ERROR;
				GCC_WARN_UNDECLARED_SELECTOR = YES;
				GCC_WARN_UNINITIALIZED_AUTOS = YES_AGGRESSIVE;
				GCC_WARN_UNUSED_FUNCTION = YES;
				GCC_WARN_UNUSED_VARIABLE = YES;
				IPHONEOS_DEPLOYMENT_TARGET = 14.0;
				MTL_ENABLE_DEBUG_INFO = NO;
				MTL_FAST_MATH = YES;
				SDKROOT = iphoneos;
				SWIFT_COMPILATION_MODE = wholemodule;
				SWIFT_OPTIMIZATION_LEVEL = "-O";
				VALIDATE_PRODUCT = YES;
			};
			name = Release;
		};
		ACF9FDF129523EE9002F20EB /* Debug */ = {
			isa = XCBuildConfiguration;
			buildSettings = {
				ASSETCATALOG_COMPILER_APPICON_NAME = AppIcon;
				ASSETCATALOG_COMPILER_GLOBAL_ACCENT_COLOR_NAME = AccentColor;
				CODE_SIGN_STYLE = Automatic;
				CURRENT_PROJECT_VERSION = 1;
				DEVELOPMENT_ASSET_PATHS = "\"Cryptocurrency/Preview Content\"";
				DEVELOPMENT_TEAM = M4SYRBQBFW;
				ENABLE_PREVIEWS = YES;
				GENERATE_INFOPLIST_FILE = YES;
				INFOPLIST_KEY_CFBundleDisplayName = "Crypto Tracker";
				INFOPLIST_KEY_UIApplicationSceneManifest_Generation = YES;
				INFOPLIST_KEY_UIApplicationSupportsIndirectInputEvents = YES;
				INFOPLIST_KEY_UILaunchScreen_Generation = YES;
				INFOPLIST_KEY_UISupportedInterfaceOrientations = UIInterfaceOrientationPortrait;
				IPHONEOS_DEPLOYMENT_TARGET = 14.0;
				LD_RUNPATH_SEARCH_PATHS = (
					"$(inherited)",
					"@executable_path/Frameworks",
				);
				MARKETING_VERSION = 1.0;
				PRODUCT_BUNDLE_IDENTIFIER = com.AhmedAmin.Cryptocurrency;
				PRODUCT_NAME = "$(TARGET_NAME)";
				SUPPORTED_PLATFORMS = "iphoneos iphonesimulator";
				SUPPORTS_MACCATALYST = NO;
				SUPPORTS_MAC_DESIGNED_FOR_IPHONE_IPAD = NO;
				SWIFT_EMIT_LOC_STRINGS = YES;
				SWIFT_VERSION = 5.0;
				TARGETED_DEVICE_FAMILY = "1,2";
			};
			name = Debug;
		};
		ACF9FDF229523EE9002F20EB /* Release */ = {
			isa = XCBuildConfiguration;
			buildSettings = {
				ASSETCATALOG_COMPILER_APPICON_NAME = AppIcon;
				ASSETCATALOG_COMPILER_GLOBAL_ACCENT_COLOR_NAME = AccentColor;
				CODE_SIGN_STYLE = Automatic;
				CURRENT_PROJECT_VERSION = 1;
				DEVELOPMENT_ASSET_PATHS = "\"Cryptocurrency/Preview Content\"";
				DEVELOPMENT_TEAM = M4SYRBQBFW;
				ENABLE_PREVIEWS = YES;
				GENERATE_INFOPLIST_FILE = YES;
				INFOPLIST_KEY_CFBundleDisplayName = "Crypto Tracker";
				INFOPLIST_KEY_UIApplicationSceneManifest_Generation = YES;
				INFOPLIST_KEY_UIApplicationSupportsIndirectInputEvents = YES;
				INFOPLIST_KEY_UILaunchScreen_Generation = YES;
				INFOPLIST_KEY_UISupportedInterfaceOrientations = UIInterfaceOrientationPortrait;
				IPHONEOS_DEPLOYMENT_TARGET = 14.0;
				LD_RUNPATH_SEARCH_PATHS = (
					"$(inherited)",
					"@executable_path/Frameworks",
				);
				MARKETING_VERSION = 1.0;
				PRODUCT_BUNDLE_IDENTIFIER = com.AhmedAmin.Cryptocurrency;
				PRODUCT_NAME = "$(TARGET_NAME)";
				SUPPORTED_PLATFORMS = "iphoneos iphonesimulator";
				SUPPORTS_MACCATALYST = NO;
				SUPPORTS_MAC_DESIGNED_FOR_IPHONE_IPAD = NO;
				SWIFT_EMIT_LOC_STRINGS = YES;
				SWIFT_VERSION = 5.0;
				TARGETED_DEVICE_FAMILY = "1,2";
			};
			name = Release;
		};
/* End XCBuildConfiguration section */

/* Begin XCConfigurationList section */
		ACF9FDDD29523EE8002F20EB /* Build configuration list for PBXProject "Cryptocurrency" */ = {
			isa = XCConfigurationList;
			buildConfigurations = (
				ACF9FDEE29523EE9002F20EB /* Debug */,
				ACF9FDEF29523EE9002F20EB /* Release */,
			);
			defaultConfigurationIsVisible = 0;
			defaultConfigurationName = Release;
		};
		ACF9FDF029523EE9002F20EB /* Build configuration list for PBXNativeTarget "Cryptocurrency" */ = {
			isa = XCConfigurationList;
			buildConfigurations = (
				ACF9FDF129523EE9002F20EB /* Debug */,
				ACF9FDF229523EE9002F20EB /* Release */,
			);
			defaultConfigurationIsVisible = 0;
			defaultConfigurationName = Release;
		};
/* End XCConfigurationList section */

/* Begin XCVersionGroup section */
		ACAED14D29A2EF6700FDDA0D /* PortfolioContainer.xcdatamodeld */ = {
			isa = XCVersionGroup;
			children = (
				ACAED14E29A2EF6700FDDA0D /* PortfolioContainer.xcdatamodel */,
			);
			currentVersion = ACAED14E29A2EF6700FDDA0D /* PortfolioContainer.xcdatamodel */;
			path = PortfolioContainer.xcdatamodeld;
			sourceTree = "<group>";
			versionGroupType = wrapper.xcdatamodel;
		};
/* End XCVersionGroup section */
	};
	rootObject = ACF9FDDA29523EE8002F20EB /* Project object */;
}
